PODS:
  - boost-for-react-native (1.63.0)
  - Crashlytics (3.9.3):
    - Fabric (~> 1.7.2)
  - DoubleConversion (1.1.5)
  - Fabric (1.7.7)
  - Firebase/Core (5.1.0):
    - Firebase/CoreOnly
    - FirebaseAnalytics (= 5.0.1)
  - Firebase/CoreOnly (5.1.0):
    - FirebaseCore (= 5.0.2)
  - Firebase/Messaging (5.1.0):
    - Firebase/CoreOnly
    - FirebaseMessaging (= 3.0.1)
  - Firebase/Performance (5.1.0):
    - Firebase/Core
    - FirebasePerformance (= 2.0.0)
  - FirebaseAnalytics (5.0.1):
    - FirebaseCore (~> 5.0)
    - FirebaseInstanceID (~> 3.0)
    - "GoogleToolboxForMac/NSData+zlib (~> 2.1)"
    - nanopb (~> 0.3)
  - FirebaseCore (5.0.2):
    - "GoogleToolboxForMac/NSData+zlib (~> 2.1)"
  - FirebaseInstanceID (3.0.0):
    - FirebaseCore (~> 5.0)
  - FirebaseMessaging (3.0.1):
    - FirebaseCore (~> 5.0)
    - FirebaseInstanceID (~> 3.0)
    - GoogleToolboxForMac/Logger (~> 2.1)
    - Protobuf (~> 3.1)
  - FirebasePerformance (2.0.0):
    - FirebaseAnalytics (~> 5.0)
    - FirebaseInstanceID (~> 3.0)
    - FirebaseSwizzlingUtilities/ISASwizzling (~> 2.0)
    - FirebaseSwizzlingUtilities/MethodSwizzling (~> 2.0)
    - GoogleToolboxForMac/Logger (~> 2.1)
    - "GoogleToolboxForMac/NSData+zlib (~> 2.1)"
    - GTMSessionFetcher/Core (~> 1.1)
    - Protobuf (~> 3.5)
  - FirebaseSwizzlingUtilities/ISASwizzling (2.0.0)
  - FirebaseSwizzlingUtilities/MethodSwizzling (2.0.0):
    - FirebaseCore (~> 5.0)
  - Folly (2016.09.26.00):
    - boost-for-react-native
    - DoubleConversion
    - glog
  - glog (0.3.4)
  - GoogleToolboxForMac/Defines (2.1.4)
  - GoogleToolboxForMac/Logger (2.1.4):
    - GoogleToolboxForMac/Defines (= 2.1.4)
  - "GoogleToolboxForMac/NSData+zlib (2.1.4)":
    - GoogleToolboxForMac/Defines (= 2.1.4)
  - GTMSessionFetcher/Core (1.1.15)
  - nanopb (0.3.8):
    - nanopb/decode (= 0.3.8)
    - nanopb/encode (= 0.3.8)
  - nanopb/decode (0.3.8)
  - nanopb/encode (0.3.8)
  - Protobuf (3.5.0)
  - React (0.55.0):
    - React/Core (= 0.55.0)
  - react-native-image-picker (0.14.3):
    - React
  - React/Core (0.55.0):
    - yoga (= 0.55.0.React)
  - React/CxxBridge (0.55.0):
    - Folly (= 2016.09.26.00)
    - React/Core
    - React/cxxreact
  - React/cxxreact (0.55.0):
    - boost-for-react-native (= 1.63.0)
    - Folly (= 2016.09.26.00)
    - React/jschelpers
    - React/jsinspector
  - React/DevSupport (0.55.0):
    - React/Core
    - React/RCTWebSocket
  - React/fishhook (0.55.0)
  - React/jschelpers (0.55.0):
    - Folly (= 2016.09.26.00)
    - React/PrivateDatabase
  - React/jsinspector (0.55.0)
  - React/PrivateDatabase (0.55.0)
  - React/RCTBlob (0.55.0):
    - React/Core
  - React/RCTWebSocket (0.55.0):
    - React/Core
    - React/fishhook
    - React/RCTBlob
  - RNFirebase (4.2.0):
    - Firebase/Core
    - React
  - yoga (0.55.0.React)

DEPENDENCIES:
  - Crashlytics (~> 3.9.3)
  - Fabric (~> 1.7.2)
  - Firebase/Core
  - Firebase/Messaging
  - Firebase/Performance
  - react-native-image-picker (from `../node_modules/react-native-image-picker`)
  - React/Core (from `../node_modules/react-native`)
  - React/CxxBridge (from `../node_modules/react-native`)
  - React/DevSupport (from `../node_modules/react-native`)
  - RNFirebase (from `../node_modules/react-native-firebase/ios`)
  - yoga (from `../node_modules/react-native/ReactCommon/yoga`)

SPEC REPOS:
  https://github.com/cocoapods/specs.git:
    - boost-for-react-native
    - Crashlytics
    - DoubleConversion
    - Fabric
    - Firebase
    - FirebaseAnalytics
    - FirebaseCore
    - FirebaseInstanceID
    - FirebaseMessaging
    - FirebasePerformance
    - FirebaseSwizzlingUtilities
    - Folly
    - glog
    - GoogleToolboxForMac
    - GTMSessionFetcher
    - nanopb
    - Protobuf

EXTERNAL SOURCES:
  React:
    :path: "../node_modules/react-native"
  react-native-image-picker:
    :path: "../node_modules/react-native-image-picker"
  RNFirebase:
    :path: "../node_modules/react-native-firebase/ios"
  yoga:
    :path: "../node_modules/react-native/ReactCommon/yoga"

SPEC CHECKSUMS:
  boost-for-react-native: 39c7adb57c4e60d6c5479dd8623128eb5b3f0f2c
  Crashlytics: dbb07d01876c171c5ccbdf7826410380189e452c
  DoubleConversion: e22e0762848812a87afd67ffda3998d9ef29170c
  Fabric: bda89e242bce1b7b8ab264248cf3407774ce0095
  Firebase: e08fb0795f35707aeb1d8a715c731c45bdf6fd56
  FirebaseAnalytics: b3628aea54c50464c32c393fb2ea032566e7ecc2
  FirebaseCore: b81044df1044c0857a0737c6324678b72d4f7f00
  FirebaseInstanceID: 83e0040351565df711a5db3d8ebe5ea21aca998a
  FirebaseMessaging: ec6fde5a77824c6da0218f9ca220feb251aa17d5
  FirebasePerformance: 1ec6c40e5dad2543ca4c4f25d15168bde6322c2c
  FirebaseSwizzlingUtilities: 6c22677c50d0b6f5f0dc637c1233f13694a3003f
  Folly: 211775e49d8da0ca658aebc8eab89d642935755c
  glog: 1de0bb937dccdc981596d3b5825ebfb765017ded
  GoogleToolboxForMac: 91c824d21e85b31c2aae9bb011c5027c9b4e738f
  GTMSessionFetcher: 5fa5b80fd20e439ef5f545fb2cb3ca6c6714caa2
  nanopb: 5601e6bca2dbf1ed831b519092ec110f66982ca3
  Protobuf: 8a9838fba8dae3389230e1b7f8c104aa32389c03
  React: 35618ff86985ccc5a8a17d3ca0dd76fd47e0c690
  react-native-image-picker: b303e31c3c4ada1d7cb1342423d328d2efb07fb3
  RNFirebase: 2b25fd2e60269f26bb0a76c71dcc942b35a77df0
  yoga: a23273df0088bf7f2bb7e5d7b00044ea57a2a54a

PODFILE CHECKSUM: cb1de417808a3e2ddec55472f164d399729f1343

COCOAPODS: 1.5.3
