// !$*UTF8*$!
{
	archiveVersion = 1;
	classes = {
	};
	objectVersion = 46;
	objects = {

/* Begin PBXBuildFile section */
		13B07FBC1A68108700A75B9A /* AppDelegate.mm in Sources */ = {isa = PBXBuildFile; fileRef = 13B07FB01A68108700A75B9A /* AppDelegate.mm */; };
		13B07FC11A68108700A75B9A /* main.m in Sources */ = {isa = PBXBuildFile; fileRef = 13B07FB71A68108700A75B9A /* main.m */; };
		1D20446B2B6BD1810020EABA /* font_bold.woff in Resources */ = {isa = PBXBuildFile; fileRef = 1D20445D2B6BD1500020EABA /* font_bold.woff */; };
		1D20446C2B6BD1810020EABA /* font_bolditalic.woff in Resources */ = {isa = PBXBuildFile; fileRef = 1D2044622B6BD1500020EABA /* font_bolditalic.woff */; };
		1D20446D2B6BD1810020EABA /* font_italic.woff in Resources */ = {isa = PBXBuildFile; fileRef = 1D2044682B6BD1510020EABA /* font_italic.woff */; };
		1D20446E2B6BD1810020EABA /* font_regular.woff in Resources */ = {isa = PBXBuildFile; fileRef = 1D2044642B6BD1510020EABA /* font_regular.woff */; };
		1D20446F2B6BD1810020EABA /* ibmplexmono_bold.woff in Resources */ = {isa = PBXBuildFile; fileRef = 1D2044602B6BD1500020EABA /* ibmplexmono_bold.woff */; };
		1D2044702B6BD1810020EABA /* ibmplexmono_bolditalic.woff in Resources */ = {isa = PBXBuildFile; fileRef = 1D2044662B6BD1510020EABA /* ibmplexmono_bolditalic.woff */; };
		1D2044712B6BD1810020EABA /* ibmplexmono_italic.woff in Resources */ = {isa = PBXBuildFile; fileRef = 1D2044592B6BD1500020EABA /* ibmplexmono_italic.woff */; };
		1D2044722B6BD1810020EABA /* ibmplexmono_regular.woff in Resources */ = {isa = PBXBuildFile; fileRef = 1D2044572B6BD14F0020EABA /* ibmplexmono_regular.woff */; };
		1D2044732B6BD1810020EABA /* lora_bold.woff in Resources */ = {isa = PBXBuildFile; fileRef = 1D2044632B6BD1500020EABA /* lora_bold.woff */; };
		1D2044742B6BD1810020EABA /* lora_bolditalic.woff in Resources */ = {isa = PBXBuildFile; fileRef = 1D20445B2B6BD1500020EABA /* lora_bolditalic.woff */; };
		1D2044752B6BD1810020EABA /* lora_italic.woff in Resources */ = {isa = PBXBuildFile; fileRef = 1D2044672B6BD1510020EABA /* lora_italic.woff */; };
		1D2044762B6BD1810020EABA /* lora_regular.woff in Resources */ = {isa = PBXBuildFile; fileRef = 1D2044582B6BD1500020EABA /* lora_regular.woff */; };
		1D2044772B6BD1810020EABA /* opendyslexic_bold.woff in Resources */ = {isa = PBXBuildFile; fileRef = 1D2044652B6BD1510020EABA /* opendyslexic_bold.woff */; };
		1D2044782B6BD1810020EABA /* opendyslexic_bolditalic.woff in Resources */ = {isa = PBXBuildFile; fileRef = 1D20445A2B6BD1500020EABA /* opendyslexic_bolditalic.woff */; };
		1D2044792B6BD1810020EABA /* opendyslexic_italic.woff in Resources */ = {isa = PBXBuildFile; fileRef = 1D20445C2B6BD1500020EABA /* opendyslexic_italic.woff */; };
		1D20447A2B6BD1810020EABA /* opendyslexic_regular.woff in Resources */ = {isa = PBXBuildFile; fileRef = 1D20445F2B6BD1500020EABA /* opendyslexic_regular.woff */; };
		1D20447F2B6BD70B0020EABA /* ecriturea_italic.woff in Resources */ = {isa = PBXBuildFile; fileRef = 1D20447D2B6BD6C60020EABA /* ecriturea_italic.woff */; };
		1D2044802B6BD70B0020EABA /* ecriturea_regular.woff in Resources */ = {isa = PBXBuildFile; fileRef = 1D20447E2B6BD6C60020EABA /* ecriturea_regular.woff */; };
		1D2044862B7267190020EABA /* attachment.svg in Resources */ = {isa = PBXBuildFile; fileRef = 1D2044852B7267190020EABA /* attachment.svg */; };
		1D4670A22B7509C2001EFD9F /* audio.svg in Resources */ = {isa = PBXBuildFile; fileRef = 1D4670A12B7509C2001EFD9F /* audio.svg */; };
		1DCD7ADC2B7E01460010EB27 /* play.svg in Resources */ = {isa = PBXBuildFile; fileRef = 1DCD7ADB2B7E01460010EB27 /* play.svg */; };
		7404C07422E8B012008546A8 /* Assets.xcassets in Resources */ = {isa = PBXBuildFile; fileRef = 7404C07322E8B012008546A8 /* Assets.xcassets */; };
		741ACC0D23B632380075BCE4 /* AppCenter-Config.plist in Resources */ = {isa = PBXBuildFile; fileRef = 741ACC0C23B632380075BCE4 /* AppCenter-Config.plist */; };
		745D891522DE014D0038F1FA /* GoogleService-Info.plist in Resources */ = {isa = PBXBuildFile; fileRef = 745D891422DE014D0038F1FA /* GoogleService-Info.plist */; };
		74660EAE247BE64C00F74D20 /* DummySwiftFile.swift in Sources */ = {isa = PBXBuildFile; fileRef = 74660EAD247BE64C00F74D20 /* DummySwiftFile.swift */; };
		74EC2C4926E63F04008EB301 /* icomoon.ttf in Resources */ = {isa = PBXBuildFile; fileRef = 74EC2C4026E63F04008EB301 /* icomoon.ttf */; };
		7E6F88D42B17570A000B4E95 /* jingle_bells.mp3 in Resources */ = {isa = PBXBuildFile; fileRef = 7E6F88D32B17570A000B4E95 /* jingle_bells.mp3 */; };
		91D2CEFA28D0D33A00A1A1C2 /* Font-Italic.ttf in Resources */ = {isa = PBXBuildFile; fileRef = 91D2CEF628D0D33A00A1A1C2 /* Font-Italic.ttf */; };
		91D2CEFB28D0D33A00A1A1C2 /* Font-BoldItalic.ttf in Resources */ = {isa = PBXBuildFile; fileRef = 91D2CEF728D0D33A00A1A1C2 /* Font-BoldItalic.ttf */; };
		91D2CEFC28D0D33A00A1A1C2 /* Font-Bold.ttf in Resources */ = {isa = PBXBuildFile; fileRef = 91D2CEF828D0D33A00A1A1C2 /* Font-Bold.ttf */; };
		91D2CEFD28D0D33A00A1A1C2 /* Font-Regular.ttf in Resources */ = {isa = PBXBuildFile; fileRef = 91D2CEF928D0D33A00A1A1C2 /* Font-Regular.ttf */; };
		F0440EF328AF98A50065A34A /* Comfortaa-Bold.ttf in Resources */ = {isa = PBXBuildFile; fileRef = F0440EEA28AF98A50065A34A /* Comfortaa-Bold.ttf */; };
		F0625946264574A4001AE555 /* InfoPlist.strings in Resources */ = {isa = PBXBuildFile; fileRef = F062593E26454B14001AE555 /* InfoPlist.strings */; };
		F06C18682B61837F00FBA3A2 /* splash-screen.png in Resources */ = {isa = PBXBuildFile; fileRef = F06C18652B61837F00FBA3A2 /* splash-screen.png */; };
		F06C18692B61837F00FBA3A2 /* splash-screen@3x.png in Resources */ = {isa = PBXBuildFile; fileRef = F06C18662B61837F00FBA3A2 /* splash-screen@3x.png */; };
		F06C186A2B61837F00FBA3A2 /* splash-screen@2x.png in Resources */ = {isa = PBXBuildFile; fileRef = F06C18672B61837F00FBA3A2 /* splash-screen@2x.png */; };
		F09C4A402B0400800075018F /* SplashScreen.xib in Resources */ = {isa = PBXBuildFile; fileRef = F09C4A3F2B0400800075018F /* SplashScreen.xib */; };
		F0AC1B422BDAA6A900563199 /* help_center_article_style.css in Resources */ = {isa = PBXBuildFile; fileRef = F0AC1B412BDAA6A900563199 /* help_center_article_style.css */; };
		F0CB475F2BC6BF83006A73F3 /* PrivacyInfo.xcprivacy in Resources */ = {isa = PBXBuildFile; fileRef = F0CB475C2BC6BF83006A73F3 /* PrivacyInfo.xcprivacy */; };
		F0CB47602BC6BF83006A73F3 /* ZendeskUnified.swift in Sources */ = {isa = PBXBuildFile; fileRef = F0CB475D2BC6BF83006A73F3 /* ZendeskUnified.swift */; };
		F0CB47612BC6BF83006A73F3 /* ZendeskUnified.mm in Sources */ = {isa = PBXBuildFile; fileRef = F0CB475E2BC6BF83006A73F3 /* ZendeskUnified.mm */; };
		F0E1FD482C0F1D6C00B9CE7C /* image-not-found.svg in Resources */ = {isa = PBXBuildFile; fileRef = F0E1FD472C0F1D6C00B9CE7C /* image-not-found.svg */; };
		F0FDEEF32BDBE64F00056775 /* attachment.svg in Resources */ = {isa = PBXBuildFile; fileRef = F0FDEEF02BDBE64F00056775 /* attachment.svg */; };
		F0FDEEF42BDBE64F00056775 /* audio.svg in Resources */ = {isa = PBXBuildFile; fileRef = F0FDEEF12BDBE64F00056775 /* audio.svg */; };
		F0FDEEF52BDBE64F00056775 /* play.svg in Resources */ = {isa = PBXBuildFile; fileRef = F0FDEEF22BDBE64F00056775 /* play.svg */; };
		F313A3B02C1DD5E7D4836B61 /* libPods-appe.a in Frameworks */ = {isa = PBXBuildFile; fileRef = 611EEA89A9B54F0CB20EFC25 /* libPods-appe.a */; };
/* End PBXBuildFile section */

/* Begin PBXFileReference section */
		008F07F21AC5B25A0029DE68 /* main.jsbundle */ = {isa = PBXFileReference; fileEncoding = 4; lastKnownFileType = text; path = main.jsbundle; sourceTree = "<group>"; };
		13B07F961A680F5B00A75B9A /* appe.app */ = {isa = PBXFileReference; explicitFileType = wrapper.application; includeInIndex = 0; path = appe.app; sourceTree = BUILT_PRODUCTS_DIR; };
		13B07FAF1A68108700A75B9A /* AppDelegate.h */ = {isa = PBXFileReference; fileEncoding = 4; lastKnownFileType = sourcecode.c.h; name = AppDelegate.h; path = appe/AppDelegate.h; sourceTree = "<group>"; };
		13B07FB01A68108700A75B9A /* AppDelegate.mm */ = {isa = PBXFileReference; fileEncoding = 4; lastKnownFileType = sourcecode.cpp.objcpp; name = AppDelegate.mm; path = appe/AppDelegate.mm; sourceTree = "<group>"; };
		13B07FB61A68108700A75B9A /* Info.plist */ = {isa = PBXFileReference; fileEncoding = 4; lastKnownFileType = text.plist.xml; name = Info.plist; path = appe/Info.plist; sourceTree = "<group>"; };
		13B07FB71A68108700A75B9A /* main.m */ = {isa = PBXFileReference; fileEncoding = 4; indentWidth = 1; lastKnownFileType = sourcecode.c.objc; name = main.m; path = appe/main.m; sourceTree = "<group>"; };
		1B95597B3CEBB7E33AE92F2C /* libPods-appe-tvOS.a */ = {isa = PBXFileReference; explicitFileType = archive.ar; includeInIndex = 0; path = "libPods-appe-tvOS.a"; sourceTree = BUILT_PRODUCTS_DIR; };
		1D2044572B6BD14F0020EABA /* ibmplexmono_regular.woff */ = {isa = PBXFileReference; lastKnownFileType = file; path = ibmplexmono_regular.woff; sourceTree = "<group>"; };
		1D2044582B6BD1500020EABA /* lora_regular.woff */ = {isa = PBXFileReference; lastKnownFileType = file; path = lora_regular.woff; sourceTree = "<group>"; };
		1D2044592B6BD1500020EABA /* ibmplexmono_italic.woff */ = {isa = PBXFileReference; lastKnownFileType = file; path = ibmplexmono_italic.woff; sourceTree = "<group>"; };
		1D20445A2B6BD1500020EABA /* opendyslexic_bolditalic.woff */ = {isa = PBXFileReference; lastKnownFileType = file; path = opendyslexic_bolditalic.woff; sourceTree = "<group>"; };
		1D20445B2B6BD1500020EABA /* lora_bolditalic.woff */ = {isa = PBXFileReference; lastKnownFileType = file; path = lora_bolditalic.woff; sourceTree = "<group>"; };
		1D20445C2B6BD1500020EABA /* opendyslexic_italic.woff */ = {isa = PBXFileReference; lastKnownFileType = file; path = opendyslexic_italic.woff; sourceTree = "<group>"; };
		1D20445D2B6BD1500020EABA /* font_bold.woff */ = {isa = PBXFileReference; lastKnownFileType = file; path = font_bold.woff; sourceTree = "<group>"; };
		1D20445F2B6BD1500020EABA /* opendyslexic_regular.woff */ = {isa = PBXFileReference; lastKnownFileType = file; path = opendyslexic_regular.woff; sourceTree = "<group>"; };
		1D2044602B6BD1500020EABA /* ibmplexmono_bold.woff */ = {isa = PBXFileReference; lastKnownFileType = file; path = ibmplexmono_bold.woff; sourceTree = "<group>"; };
		1D2044622B6BD1500020EABA /* font_bolditalic.woff */ = {isa = PBXFileReference; lastKnownFileType = file; path = font_bolditalic.woff; sourceTree = "<group>"; };
		1D2044632B6BD1500020EABA /* lora_bold.woff */ = {isa = PBXFileReference; lastKnownFileType = file; path = lora_bold.woff; sourceTree = "<group>"; };
		1D2044642B6BD1510020EABA /* font_regular.woff */ = {isa = PBXFileReference; lastKnownFileType = file; path = font_regular.woff; sourceTree = "<group>"; };
		1D2044652B6BD1510020EABA /* opendyslexic_bold.woff */ = {isa = PBXFileReference; lastKnownFileType = file; path = opendyslexic_bold.woff; sourceTree = "<group>"; };
		1D2044662B6BD1510020EABA /* ibmplexmono_bolditalic.woff */ = {isa = PBXFileReference; lastKnownFileType = file; path = ibmplexmono_bolditalic.woff; sourceTree = "<group>"; };
		1D2044672B6BD1510020EABA /* lora_italic.woff */ = {isa = PBXFileReference; lastKnownFileType = file; path = lora_italic.woff; sourceTree = "<group>"; };
		1D2044682B6BD1510020EABA /* font_italic.woff */ = {isa = PBXFileReference; lastKnownFileType = file; path = font_italic.woff; sourceTree = "<group>"; };
		1D20447D2B6BD6C60020EABA /* ecriturea_italic.woff */ = {isa = PBXFileReference; lastKnownFileType = file; path = ecriturea_italic.woff; sourceTree = "<group>"; };
		1D20447E2B6BD6C60020EABA /* ecriturea_regular.woff */ = {isa = PBXFileReference; lastKnownFileType = file; path = ecriturea_regular.woff; sourceTree = "<group>"; };
		1D2044852B7267190020EABA /* attachment.svg */ = {isa = PBXFileReference; fileEncoding = 4; lastKnownFileType = text; name = attachment.svg; path = appe/images/attachment.svg; sourceTree = "<group>"; };
		1D4670A12B7509C2001EFD9F /* audio.svg */ = {isa = PBXFileReference; fileEncoding = 4; lastKnownFileType = text; name = audio.svg; path = appe/images/audio.svg; sourceTree = "<group>"; };
		1DCD7ADB2B7E01460010EB27 /* play.svg */ = {isa = PBXFileReference; fileEncoding = 4; lastKnownFileType = text; name = play.svg; path = appe/images/play.svg; sourceTree = "<group>"; };
		1DFE6EE83479AB48105B003E /* Pods-appe-tvOS.release.xcconfig */ = {isa = PBXFileReference; includeInIndex = 1; lastKnownFileType = text.xcconfig; name = "Pods-appe-tvOS.release.xcconfig"; path = "Target Support Files/Pods-appe-tvOS/Pods-appe-tvOS.release.xcconfig"; sourceTree = "<group>"; };
		301566A10115CCDFC94DA2A6 /* Pods-appe-tvOSTests.debug.xcconfig */ = {isa = PBXFileReference; includeInIndex = 1; lastKnownFileType = text.xcconfig; name = "Pods-appe-tvOSTests.debug.xcconfig"; path = "Target Support Files/Pods-appe-tvOSTests/Pods-appe-tvOSTests.debug.xcconfig"; sourceTree = "<group>"; };
		42FDC4360830EB2D0044A292 /* Pods-appe.debug.xcconfig */ = {isa = PBXFileReference; includeInIndex = 1; lastKnownFileType = text.xcconfig; name = "Pods-appe.debug.xcconfig"; path = "Target Support Files/Pods-appe/Pods-appe.debug.xcconfig"; sourceTree = "<group>"; };
		4C65C5FF632CAF7C5C8428CC /* Pods-appe-tvOS.debug.xcconfig */ = {isa = PBXFileReference; includeInIndex = 1; lastKnownFileType = text.xcconfig; name = "Pods-appe-tvOS.debug.xcconfig"; path = "Target Support Files/Pods-appe-tvOS/Pods-appe-tvOS.debug.xcconfig"; sourceTree = "<group>"; };
		611EEA89A9B54F0CB20EFC25 /* libPods-appe.a */ = {isa = PBXFileReference; explicitFileType = archive.ar; includeInIndex = 0; path = "libPods-appe.a"; sourceTree = BUILT_PRODUCTS_DIR; };
		7404C07322E8B012008546A8 /* Assets.xcassets */ = {isa = PBXFileReference; lastKnownFileType = folder.assetcatalog; name = Assets.xcassets; path = appe/Assets.xcassets; sourceTree = "<group>"; };
		741ACC0C23B632380075BCE4 /* AppCenter-Config.plist */ = {isa = PBXFileReference; fileEncoding = 4; lastKnownFileType = text.plist.xml; name = "AppCenter-Config.plist"; path = "appe/AppCenter-Config.plist"; sourceTree = "<group>"; };
		745D891422DE014D0038F1FA /* GoogleService-Info.plist */ = {isa = PBXFileReference; fileEncoding = 4; lastKnownFileType = text.plist.xml; name = "GoogleService-Info.plist"; path = "appe/GoogleService-Info.plist"; sourceTree = "<group>"; };
		745D891922DE0F770038F1FA /* appe.entitlements */ = {isa = PBXFileReference; lastKnownFileType = text.plist.entitlements; name = appe.entitlements; path = appe/appe.entitlements; sourceTree = "<group>"; };
		74660EAB247BE64B00F74D20 /* appe-Bridging-Header.h */ = {isa = PBXFileReference; lastKnownFileType = sourcecode.c.h; path = "appe-Bridging-Header.h"; sourceTree = "<group>"; };
		74660EAC247BE64B00F74D20 /* appeTests-Bridging-Header.h */ = {isa = PBXFileReference; lastKnownFileType = sourcecode.c.h; path = "appeTests-Bridging-Header.h"; sourceTree = "<group>"; };
		74660EAD247BE64C00F74D20 /* DummySwiftFile.swift */ = {isa = PBXFileReference; lastKnownFileType = sourcecode.swift; path = DummySwiftFile.swift; sourceTree = "<group>"; };
		74EC2C4026E63F04008EB301 /* icomoon.ttf */ = {isa = PBXFileReference; lastKnownFileType = file; path = icomoon.ttf; sourceTree = "<group>"; };
		7DFD5F26543B345536ED6D5D /* Pods-appeTests.debug.xcconfig */ = {isa = PBXFileReference; includeInIndex = 1; lastKnownFileType = text.xcconfig; name = "Pods-appeTests.debug.xcconfig"; path = "Target Support Files/Pods-appeTests/Pods-appeTests.debug.xcconfig"; sourceTree = "<group>"; };
		7E6F88D32B17570A000B4E95 /* jingle_bells.mp3 */ = {isa = PBXFileReference; lastKnownFileType = audio.mp3; path = jingle_bells.mp3; sourceTree = "<group>"; };
		8513074532BD790A5E39FCEF /* Pods-appeTests.release.xcconfig */ = {isa = PBXFileReference; includeInIndex = 1; lastKnownFileType = text.xcconfig; name = "Pods-appeTests.release.xcconfig"; path = "Target Support Files/Pods-appeTests/Pods-appeTests.release.xcconfig"; sourceTree = "<group>"; };
		91D2CEF628D0D33A00A1A1C2 /* Font-Italic.ttf */ = {isa = PBXFileReference; lastKnownFileType = file; path = "Font-Italic.ttf"; sourceTree = "<group>"; };
		91D2CEF728D0D33A00A1A1C2 /* Font-BoldItalic.ttf */ = {isa = PBXFileReference; lastKnownFileType = file; path = "Font-BoldItalic.ttf"; sourceTree = "<group>"; };
		91D2CEF828D0D33A00A1A1C2 /* Font-Bold.ttf */ = {isa = PBXFileReference; lastKnownFileType = file; path = "Font-Bold.ttf"; sourceTree = "<group>"; };
		91D2CEF928D0D33A00A1A1C2 /* Font-Regular.ttf */ = {isa = PBXFileReference; lastKnownFileType = file; path = "Font-Regular.ttf"; sourceTree = "<group>"; };
		95CC73870D22D38A2E17B6AA /* libPods-appe-tvOSTests.a */ = {isa = PBXFileReference; explicitFileType = archive.ar; includeInIndex = 0; path = "libPods-appe-tvOSTests.a"; sourceTree = BUILT_PRODUCTS_DIR; };
		C4A5206ADA9B3A8E0AD26FB7 /* Pods-appe-tvOSTests.release.xcconfig */ = {isa = PBXFileReference; includeInIndex = 1; lastKnownFileType = text.xcconfig; name = "Pods-appe-tvOSTests.release.xcconfig"; path = "Target Support Files/Pods-appe-tvOSTests/Pods-appe-tvOSTests.release.xcconfig"; sourceTree = "<group>"; };
		DAAB12508AD5F6829B136F0F /* Pods-appe.release.xcconfig */ = {isa = PBXFileReference; includeInIndex = 1; lastKnownFileType = text.xcconfig; name = "Pods-appe.release.xcconfig"; path = "Target Support Files/Pods-appe/Pods-appe.release.xcconfig"; sourceTree = "<group>"; };
		ED297162215061F000B7C4FE /* JavaScriptCore.framework */ = {isa = PBXFileReference; lastKnownFileType = wrapper.framework; name = JavaScriptCore.framework; path = System/Library/Frameworks/JavaScriptCore.framework; sourceTree = SDKROOT; };
		ED2971642150620600B7C4FE /* JavaScriptCore.framework */ = {isa = PBXFileReference; lastKnownFileType = wrapper.framework; name = JavaScriptCore.framework; path = Platforms/AppleTVOS.platform/Developer/SDKs/AppleTVOS12.0.sdk/System/Library/Frameworks/JavaScriptCore.framework; sourceTree = DEVELOPER_DIR; };
		F0440EEA28AF98A50065A34A /* Comfortaa-Bold.ttf */ = {isa = PBXFileReference; lastKnownFileType = file; path = "Comfortaa-Bold.ttf"; sourceTree = "<group>"; };
		F062593D26454B14001AE555 /* en */ = {isa = PBXFileReference; lastKnownFileType = text.plist.strings; name = en; path = en.lproj/InfoPlist.strings; sourceTree = "<group>"; };
		F062593F26454B17001AE555 /* fr */ = {isa = PBXFileReference; lastKnownFileType = text.plist.strings; name = fr; path = fr.lproj/InfoPlist.strings; sourceTree = "<group>"; };
		F062594026454B18001AE555 /* es */ = {isa = PBXFileReference; lastKnownFileType = text.plist.strings; name = es; path = es.lproj/InfoPlist.strings; sourceTree = "<group>"; };
		F06C18652B61837F00FBA3A2 /* splash-screen.png */ = {isa = PBXFileReference; lastKnownFileType = image.png; name = "splash-screen.png"; path = "appe/images/splash-screen.png"; sourceTree = "<group>"; };
		F06C18662B61837F00FBA3A2 /* splash-screen@3x.png */ = {isa = PBXFileReference; lastKnownFileType = image.png; name = "splash-screen@3x.png"; path = "appe/images/splash-screen@3x.png"; sourceTree = "<group>"; };
		F06C18672B61837F00FBA3A2 /* splash-screen@2x.png */ = {isa = PBXFileReference; lastKnownFileType = image.png; name = "splash-screen@2x.png"; path = "appe/images/splash-screen@2x.png"; sourceTree = "<group>"; };
		F09C4A3F2B0400800075018F /* SplashScreen.xib */ = {isa = PBXFileReference; fileEncoding = 4; lastKnownFileType = file.xib; path = SplashScreen.xib; sourceTree = "<group>"; };
		F0AC1B412BDAA6A900563199 /* help_center_article_style.css */ = {isa = PBXFileReference; fileEncoding = 4; lastKnownFileType = text.css; name = help_center_article_style.css; path = appe/help_center_article_style.css; sourceTree = "<group>"; };
		F0CB475C2BC6BF83006A73F3 /* PrivacyInfo.xcprivacy */ = {isa = PBXFileReference; fileEncoding = 4; lastKnownFileType = text.xml; name = PrivacyInfo.xcprivacy; path = appe/PrivacyInfo.xcprivacy; sourceTree = "<group>"; };
		F0CB475D2BC6BF83006A73F3 /* ZendeskUnified.swift */ = {isa = PBXFileReference; fileEncoding = 4; lastKnownFileType = sourcecode.swift; name = ZendeskUnified.swift; path = appe/ZendeskUnified.swift; sourceTree = "<group>"; };
		F0CB475E2BC6BF83006A73F3 /* ZendeskUnified.mm */ = {isa = PBXFileReference; fileEncoding = 4; lastKnownFileType = sourcecode.cpp.objcpp; name = ZendeskUnified.mm; path = appe/ZendeskUnified.mm; sourceTree = "<group>"; };
		F0E1FD472C0F1D6C00B9CE7C /* image-not-found.svg */ = {isa = PBXFileReference; fileEncoding = 4; lastKnownFileType = text; name = "image-not-found.svg"; path = "appe/images/image-not-found.svg"; sourceTree = "<group>"; };
		F0FDEEF02BDBE64F00056775 /* attachment.svg */ = {isa = PBXFileReference; fileEncoding = 4; lastKnownFileType = text; name = attachment.svg; path = appe/images/attachment.svg; sourceTree = "<group>"; };
		F0FDEEF12BDBE64F00056775 /* audio.svg */ = {isa = PBXFileReference; fileEncoding = 4; lastKnownFileType = text; name = audio.svg; path = appe/images/audio.svg; sourceTree = "<group>"; };
		F0FDEEF22BDBE64F00056775 /* play.svg */ = {isa = PBXFileReference; fileEncoding = 4; lastKnownFileType = text; name = play.svg; path = appe/images/play.svg; sourceTree = "<group>"; };
/* End PBXFileReference section */

/* Begin PBXFrameworksBuildPhase section */
		13B07F8C1A680F5B00A75B9A /* Frameworks */ = {
			isa = PBXFrameworksBuildPhase;
			buildActionMask = 2147483647;
			files = (
				F313A3B02C1DD5E7D4836B61 /* libPods-appe.a in Frameworks */,
			);
			runOnlyForDeploymentPostprocessing = 0;
		};
/* End PBXFrameworksBuildPhase section */

/* Begin PBXGroup section */
		13B07FAE1A68108700A75B9A /* appe */ = {
			isa = PBXGroup;
			children = (
				F0AC1B412BDAA6A900563199 /* help_center_article_style.css */,
				F0CB475C2BC6BF83006A73F3 /* PrivacyInfo.xcprivacy */,
				F0CB475E2BC6BF83006A73F3 /* ZendeskUnified.mm */,
				F0CB475D2BC6BF83006A73F3 /* ZendeskUnified.swift */,
				741ACC0C23B632380075BCE4 /* AppCenter-Config.plist */,
				13B07FAF1A68108700A75B9A /* AppDelegate.h */,
				13B07FB01A68108700A75B9A /* AppDelegate.mm */,
				74660EAB247BE64B00F74D20 /* appe-Bridging-Header.h */,
				745D891922DE0F770038F1FA /* appe.entitlements */,
				74660EAC247BE64B00F74D20 /* appeTests-Bridging-Header.h */,
				7404C07322E8B012008546A8 /* Assets.xcassets */,
				74660EAD247BE64C00F74D20 /* DummySwiftFile.swift */,
				745D891422DE014D0038F1FA /* GoogleService-Info.plist */,
				13B07FB61A68108700A75B9A /* Info.plist */,
				F062593E26454B14001AE555 /* InfoPlist.strings */,
				008F07F21AC5B25A0029DE68 /* main.jsbundle */,
				13B07FB71A68108700A75B9A /* main.m */,
			);
			name = appe;
			sourceTree = "<group>";
		};
		2D16E6871FA4F8E400B85C8A /* Frameworks */ = {
			isa = PBXGroup;
			children = (
				ED297162215061F000B7C4FE /* JavaScriptCore.framework */,
				ED2971642150620600B7C4FE /* JavaScriptCore.framework */,
				611EEA89A9B54F0CB20EFC25 /* libPods-appe.a */,
				1B95597B3CEBB7E33AE92F2C /* libPods-appe-tvOS.a */,
				95CC73870D22D38A2E17B6AA /* libPods-appe-tvOSTests.a */,
			);
			name = Frameworks;
			sourceTree = "<group>";
		};
		74264AB722DF7D2E00A0E2A6 /* Resources */ = {
			isa = PBXGroup;
			children = (
				F0E1FD472C0F1D6C00B9CE7C /* image-not-found.svg */,
				F0FDEEF02BDBE64F00056775 /* attachment.svg */,
				F0FDEEF12BDBE64F00056775 /* audio.svg */,
				F0FDEEF22BDBE64F00056775 /* play.svg */,
				7E6F88D32B17570A000B4E95 /* jingle_bells.mp3 */,
				F06C18652B61837F00FBA3A2 /* splash-screen.png */,
				F06C18672B61837F00FBA3A2 /* splash-screen@2x.png */,
				F06C18662B61837F00FBA3A2 /* splash-screen@3x.png */,
				F09C4A3F2B0400800075018F /* SplashScreen.xib */,
				74EC2C3F26E63F04008EB301 /* Fonts */,
			);
			name = Resources;
			sourceTree = "<group>";
		};
		74EC2C3F26E63F04008EB301 /* Fonts */ = {
			isa = PBXGroup;
			children = (
				1D20447D2B6BD6C60020EABA /* ecriturea_italic.woff */,
				1D20447E2B6BD6C60020EABA /* ecriturea_regular.woff */,
				1D20445D2B6BD1500020EABA /* font_bold.woff */,
				1D2044622B6BD1500020EABA /* font_bolditalic.woff */,
				1D2044682B6BD1510020EABA /* font_italic.woff */,
				1D2044642B6BD1510020EABA /* font_regular.woff */,
				1D2044602B6BD1500020EABA /* ibmplexmono_bold.woff */,
				1D2044662B6BD1510020EABA /* ibmplexmono_bolditalic.woff */,
				1D2044592B6BD1500020EABA /* ibmplexmono_italic.woff */,
				1D2044572B6BD14F0020EABA /* ibmplexmono_regular.woff */,
				1D2044632B6BD1500020EABA /* lora_bold.woff */,
				1D20445B2B6BD1500020EABA /* lora_bolditalic.woff */,
				1D2044672B6BD1510020EABA /* lora_italic.woff */,
				1D2044582B6BD1500020EABA /* lora_regular.woff */,
				1D2044652B6BD1510020EABA /* opendyslexic_bold.woff */,
				1D20445A2B6BD1500020EABA /* opendyslexic_bolditalic.woff */,
				1D20445C2B6BD1500020EABA /* opendyslexic_italic.woff */,
				1D20445F2B6BD1500020EABA /* opendyslexic_regular.woff */,
				F0440EEA28AF98A50065A34A /* Comfortaa-Bold.ttf */,
				91D2CEF828D0D33A00A1A1C2 /* Font-Bold.ttf */,
				91D2CEF728D0D33A00A1A1C2 /* Font-BoldItalic.ttf */,
				91D2CEF628D0D33A00A1A1C2 /* Font-Italic.ttf */,
				91D2CEF928D0D33A00A1A1C2 /* Font-Regular.ttf */,
				74EC2C4026E63F04008EB301 /* icomoon.ttf */,
			);
			path = Fonts;
			sourceTree = "<group>";
		};
		832341AE1AAA6A7D00B99B32 /* Libraries */ = {
			isa = PBXGroup;
			children = (
			);
			name = Libraries;
			sourceTree = "<group>";
		};
		83CBB9F61A601CBA00E9B192 = {
			isa = PBXGroup;
			children = (
				13B07FAE1A68108700A75B9A /* appe */,
				74264AB722DF7D2E00A0E2A6 /* Resources */,
				2D16E6871FA4F8E400B85C8A /* Frameworks */,
				832341AE1AAA6A7D00B99B32 /* Libraries */,
				A1567E90EE2E6859F48B30B6 /* Pods */,
				83CBBA001A601CBA00E9B192 /* Products */,
				F0FDEEEF2BDBE53000056775 /* Recovered References */,
			);
			indentWidth = 2;
			sourceTree = "<group>";
			tabWidth = 2;
			usesTabs = 0;
		};
		83CBBA001A601CBA00E9B192 /* Products */ = {
			isa = PBXGroup;
			children = (
				13B07F961A680F5B00A75B9A /* appe.app */,
			);
			name = Products;
			sourceTree = "<group>";
		};
		A1567E90EE2E6859F48B30B6 /* Pods */ = {
			isa = PBXGroup;
			children = (
				42FDC4360830EB2D0044A292 /* Pods-appe.debug.xcconfig */,
				DAAB12508AD5F6829B136F0F /* Pods-appe.release.xcconfig */,
				4C65C5FF632CAF7C5C8428CC /* Pods-appe-tvOS.debug.xcconfig */,
				1DFE6EE83479AB48105B003E /* Pods-appe-tvOS.release.xcconfig */,
				301566A10115CCDFC94DA2A6 /* Pods-appe-tvOSTests.debug.xcconfig */,
				C4A5206ADA9B3A8E0AD26FB7 /* Pods-appe-tvOSTests.release.xcconfig */,
				7DFD5F26543B345536ED6D5D /* Pods-appeTests.debug.xcconfig */,
				8513074532BD790A5E39FCEF /* Pods-appeTests.release.xcconfig */,
			);
			path = Pods;
			sourceTree = "<group>";
		};
		F0FDEEEF2BDBE53000056775 /* Recovered References */ = {
			isa = PBXGroup;
			children = (
				1D4670A12B7509C2001EFD9F /* audio.svg */,
				1D2044852B7267190020EABA /* attachment.svg */,
				1DCD7ADB2B7E01460010EB27 /* play.svg */,
			);
			name = "Recovered References";
			sourceTree = "<group>";
		};
/* End PBXGroup section */

/* Begin PBXNativeTarget section */
		13B07F861A680F5B00A75B9A /* appe */ = {
			isa = PBXNativeTarget;
			buildConfigurationList = 13B07F931A680F5B00A75B9A /* Build configuration list for PBXNativeTarget "appe" */;
			buildPhases = (
				A0D3E2889A462D7C8D3C2BB3 /* [CP] Check Pods Manifest.lock */,
				13B07F871A680F5B00A75B9A /* Sources */,
				13B07F8C1A680F5B00A75B9A /* Frameworks */,
				13B07F8E1A680F5B00A75B9A /* Resources */,
				00DD1BFF1BD5951E006B06BC /* Bundle React Native code and images */,
				519768880520012D590F3637 /* [CP] Copy Pods Resources */,
				249738A3779437DBACCFB77C /* [CP-User] [RNFB] Core Configuration */,
				9177BEECCF98298145120B2F /* [CP] Embed Pods Frameworks */,
			);
			buildRules = (
			);
			dependencies = (
			);
			name = appe;
			productName = appe;
			productReference = 13B07F961A680F5B00A75B9A /* appe.app */;
			productType = "com.apple.product-type.application";
		};
/* End PBXNativeTarget section */

/* Begin PBXProject section */
		83CBB9F71A601CBA00E9B192 /* Project object */ = {
			isa = PBXProject;
			attributes = {
				LastUpgradeCheck = 940;
				ORGANIZATIONNAME = Facebook;
				TargetAttributes = {
					13B07F861A680F5B00A75B9A = {
						DevelopmentTeam = 3RYA6A26JC;
						LastSwiftMigration = 1140;
						SystemCapabilities = {
							com.apple.BackgroundModes = {
								enabled = 1;
							};
							com.apple.Push = {
								enabled = 1;
							};
						};
					};
				};
			};
			buildConfigurationList = 83CBB9FA1A601CBA00E9B192 /* Build configuration list for PBXProject "appe" */;
			compatibilityVersion = "Xcode 3.2";
			developmentRegion = English;
			hasScannedForEncodings = 0;
			knownRegions = (
				English,
				en,
				fr,
				es,
			);
			mainGroup = 83CBB9F61A601CBA00E9B192;
			productRefGroup = 83CBBA001A601CBA00E9B192 /* Products */;
			projectDirPath = "";
			projectRoot = "";
			targets = (
				13B07F861A680F5B00A75B9A /* appe */,
			);
		};
/* End PBXProject section */

/* Begin PBXResourcesBuildPhase section */
		13B07F8E1A680F5B00A75B9A /* Resources */ = {
			isa = PBXResourcesBuildPhase;
			buildActionMask = 2147483647;
			files = (
				1D20447F2B6BD70B0020EABA /* ecriturea_italic.woff in Resources */,
				1D2044802B6BD70B0020EABA /* ecriturea_regular.woff in Resources */,
				1D20446B2B6BD1810020EABA /* font_bold.woff in Resources */,
				1D20446C2B6BD1810020EABA /* font_bolditalic.woff in Resources */,
				1D20446D2B6BD1810020EABA /* font_italic.woff in Resources */,
				1D20446E2B6BD1810020EABA /* font_regular.woff in Resources */,
				1D20446F2B6BD1810020EABA /* ibmplexmono_bold.woff in Resources */,
				F0E1FD482C0F1D6C00B9CE7C /* image-not-found.svg in Resources */,
				1D2044702B6BD1810020EABA /* ibmplexmono_bolditalic.woff in Resources */,
				1D2044712B6BD1810020EABA /* ibmplexmono_italic.woff in Resources */,
				1D2044722B6BD1810020EABA /* ibmplexmono_regular.woff in Resources */,
				1D2044732B6BD1810020EABA /* lora_bold.woff in Resources */,
				1D2044742B6BD1810020EABA /* lora_bolditalic.woff in Resources */,
				1D2044752B6BD1810020EABA /* lora_italic.woff in Resources */,
				1D2044762B6BD1810020EABA /* lora_regular.woff in Resources */,
				1D2044772B6BD1810020EABA /* opendyslexic_bold.woff in Resources */,
				1D2044782B6BD1810020EABA /* opendyslexic_bolditalic.woff in Resources */,
				1D2044792B6BD1810020EABA /* opendyslexic_italic.woff in Resources */,
				1D4670A22B7509C2001EFD9F /* audio.svg in Resources */,
				1D20447A2B6BD1810020EABA /* opendyslexic_regular.woff in Resources */,
				1D2044862B7267190020EABA /* attachment.svg in Resources */,
				F0FDEEF32BDBE64F00056775 /* attachment.svg in Resources */,
				F0440EF328AF98A50065A34A /* Comfortaa-Bold.ttf in Resources */,
				7404C07422E8B012008546A8 /* Assets.xcassets in Resources */,
				F06C18692B61837F00FBA3A2 /* splash-screen@3x.png in Resources */,
				F0625946264574A4001AE555 /* InfoPlist.strings in Resources */,
				741ACC0D23B632380075BCE4 /* AppCenter-Config.plist in Resources */,
				F06C186A2B61837F00FBA3A2 /* splash-screen@2x.png in Resources */,
				F0CB475F2BC6BF83006A73F3 /* PrivacyInfo.xcprivacy in Resources */,
				745D891522DE014D0038F1FA /* GoogleService-Info.plist in Resources */,
				91D2CEFA28D0D33A00A1A1C2 /* Font-Italic.ttf in Resources */,
				1DCD7ADC2B7E01460010EB27 /* play.svg in Resources */,
				91D2CEFC28D0D33A00A1A1C2 /* Font-Bold.ttf in Resources */,
				91D2CEFB28D0D33A00A1A1C2 /* Font-BoldItalic.ttf in Resources */,
				F0FDEEF42BDBE64F00056775 /* audio.svg in Resources */,
				F06C18682B61837F00FBA3A2 /* splash-screen.png in Resources */,
				7E6F88D42B17570A000B4E95 /* jingle_bells.mp3 in Resources */,
				74EC2C4926E63F04008EB301 /* icomoon.ttf in Resources */,
				F0FDEEF52BDBE64F00056775 /* play.svg in Resources */,
				F09C4A402B0400800075018F /* SplashScreen.xib in Resources */,
				91D2CEFD28D0D33A00A1A1C2 /* Font-Regular.ttf in Resources */,
				F0AC1B422BDAA6A900563199 /* help_center_article_style.css in Resources */,
			);
			runOnlyForDeploymentPostprocessing = 0;
		};
/* End PBXResourcesBuildPhase section */

/* Begin PBXShellScriptBuildPhase section */
		00DD1BFF1BD5951E006B06BC /* Bundle React Native code and images */ = {
			isa = PBXShellScriptBuildPhase;
			buildActionMask = 2147483647;
			files = (
			);
			inputPaths = (
			);
			name = "Bundle React Native code and images";
			outputPaths = (
			);
			runOnlyForDeploymentPostprocessing = 0;
			shellPath = /bin/sh;
			shellScript = "[ -f ~/.nvm/nvm.sh ] && . ~/.nvm/nvm.sh\nexport NODE_BINARY=node\n../node_modules/react-native/scripts/react-native-xcode.sh\n";
		};
		249738A3779437DBACCFB77C /* [CP-User] [RNFB] Core Configuration */ = {
			isa = PBXShellScriptBuildPhase;
			buildActionMask = 2147483647;
			files = (
			);
			inputPaths = (
				"$(BUILT_PRODUCTS_DIR)/$(INFOPLIST_PATH)",
			);
			name = "[CP-User] [RNFB] Core Configuration";
			runOnlyForDeploymentPostprocessing = 0;
			shellPath = /bin/sh;
			shellScript = "#!/usr/bin/env bash\n#\n# Copyright (c) 2016-present Invertase Limited & Contributors\n#\n# Licensed under the Apache License, Version 2.0 (the \"License\");\n# you may not use this library except in compliance with the License.\n# You may obtain a copy of the License at\n#\n#   http://www.apache.org/licenses/LICENSE-2.0\n#\n# Unless required by applicable law or agreed to in writing, software\n# distributed under the License is distributed on an \"AS IS\" BASIS,\n# WITHOUT WARRANTIES OR CONDITIONS OF ANY KIND, either express or implied.\n# See the License for the specific language governing permissions and\n# limitations under the License.\n#\n\n##########################################################################\n##########################################################################\n#\n#  NOTE THAT IF YOU CHANGE THIS FILE YOU MUST RUN pod install AFTERWARDS\n#\n#  This file is installed as an Xcode build script in the project file\n#  by cocoapods, and you will not see your changes until you pod install\n#\n##########################################################################\n##########################################################################\n\nset -e\n\n_MAX_LOOKUPS=2;\n_SEARCH_RESULT=''\n_RN_ROOT_EXISTS=''\n_CURRENT_LOOKUPS=1\n_JSON_ROOT=\"'react-native'\"\n_JSON_FILE_NAME='firebase.json'\n_JSON_OUTPUT_BASE64='e30=' # { }\n_CURRENT_SEARCH_DIR=${PROJECT_DIR}\n_PLIST_BUDDY=/usr/libexec/PlistBuddy\n_TARGET_PLIST=\"${BUILT_PRODUCTS_DIR}/${INFOPLIST_PATH}\"\n_DSYM_PLIST=\"${DWARF_DSYM_FOLDER_PATH}/${DWARF_DSYM_FILE_NAME}/Contents/Info.plist\"\n\n# plist arrays\n_PLIST_ENTRY_KEYS=()\n_PLIST_ENTRY_TYPES=()\n_PLIST_ENTRY_VALUES=()\n\nfunction setPlistValue {\n  echo \"info:      setting plist entry '$1' of type '$2' in file '$4'\"\n  ${_PLIST_BUDDY} -c \"Add :$1 $2 '$3'\" $4 || echo \"info:      '$1' already exists\"\n}\n\nfunction getFirebaseJsonKeyValue () {\n  if [[ ${_RN_ROOT_EXISTS} ]]; then\n    ruby -Ku -e \"require 'rubygems';require 'json'; output=JSON.parse('$1'); puts output[$_JSON_ROOT]['$2']\"\n  else\n    echo \"\"\n  fi;\n}\n\nfunction jsonBoolToYesNo () {\n  if [[ $1 == \"false\" ]]; then\n    echo \"NO\"\n  elif [[ $1 == \"true\" ]]; then\n    echo \"YES\"\n  else echo \"NO\"\n  fi\n}\n\necho \"info: -> RNFB build script started\"\necho \"info: 1) Locating ${_JSON_FILE_NAME} file:\"\n\nif [[ -z ${_CURRENT_SEARCH_DIR} ]]; then\n  _CURRENT_SEARCH_DIR=$(pwd)\nfi;\n\nwhile true; do\n  _CURRENT_SEARCH_DIR=$(dirname \"$_CURRENT_SEARCH_DIR\")\n  if [[ \"$_CURRENT_SEARCH_DIR\" == \"/\" ]] || [[ ${_CURRENT_LOOKUPS} -gt ${_MAX_LOOKUPS} ]]; then break; fi;\n  echo \"info:      ($_CURRENT_LOOKUPS of $_MAX_LOOKUPS) Searching in '$_CURRENT_SEARCH_DIR' for a ${_JSON_FILE_NAME} file.\"\n  _SEARCH_RESULT=$(find \"$_CURRENT_SEARCH_DIR\" -maxdepth 2 -name ${_JSON_FILE_NAME} -print | /usr/bin/head -n 1)\n  if [[ ${_SEARCH_RESULT} ]]; then\n    echo \"info:      ${_JSON_FILE_NAME} found at $_SEARCH_RESULT\"\n    break;\n  fi;\n  _CURRENT_LOOKUPS=$((_CURRENT_LOOKUPS+1))\ndone\n\nif [[ ${_SEARCH_RESULT} ]]; then\n  _JSON_OUTPUT_RAW=$(cat \"${_SEARCH_RESULT}\")\n  _RN_ROOT_EXISTS=$(ruby -Ku -e \"require 'rubygems';require 'json'; output=JSON.parse('$_JSON_OUTPUT_RAW'); puts output[$_JSON_ROOT]\" || echo '')\n\n  if [[ ${_RN_ROOT_EXISTS} ]]; then\n    if ! python3 --version >/dev/null 2>&1; then echo \"python3 not found, firebase.json file processing error.\" && exit 1; fi\n    _JSON_OUTPUT_BASE64=$(python3 -c 'import json,sys,base64;print(base64.b64encode(bytes(json.dumps(json.loads(open('\"'${_SEARCH_RESULT}'\"', '\"'rb'\"').read())['${_JSON_ROOT}']), '\"'utf-8'\"')).decode())' || echo \"e30=\")\n  fi\n\n  _PLIST_ENTRY_KEYS+=(\"firebase_json_raw\")\n  _PLIST_ENTRY_TYPES+=(\"string\")\n  _PLIST_ENTRY_VALUES+=(\"$_JSON_OUTPUT_BASE64\")\n\n  # config.app_data_collection_default_enabled\n  _APP_DATA_COLLECTION_ENABLED=$(getFirebaseJsonKeyValue \"$_JSON_OUTPUT_RAW\" \"app_data_collection_default_enabled\")\n  if [[ $_APP_DATA_COLLECTION_ENABLED ]]; then\n    _PLIST_ENTRY_KEYS+=(\"FirebaseDataCollectionDefaultEnabled\")\n    _PLIST_ENTRY_TYPES+=(\"bool\")\n    _PLIST_ENTRY_VALUES+=(\"$(jsonBoolToYesNo \"$_APP_DATA_COLLECTION_ENABLED\")\")\n  fi\n\n  # config.analytics_auto_collection_enabled\n  _ANALYTICS_AUTO_COLLECTION=$(getFirebaseJsonKeyValue \"$_JSON_OUTPUT_RAW\" \"analytics_auto_collection_enabled\")\n  if [[ $_ANALYTICS_AUTO_COLLECTION ]]; then\n    _PLIST_ENTRY_KEYS+=(\"FIREBASE_ANALYTICS_COLLECTION_ENABLED\")\n    _PLIST_ENTRY_TYPES+=(\"bool\")\n    _PLIST_ENTRY_VALUES+=(\"$(jsonBoolToYesNo \"$_ANALYTICS_AUTO_COLLECTION\")\")\n  fi\n\n  # config.analytics_collection_deactivated\n  _ANALYTICS_DEACTIVATED=$(getFirebaseJsonKeyValue \"$_JSON_OUTPUT_RAW\" \"analytics_collection_deactivated\")\n  if [[ $_ANALYTICS_DEACTIVATED ]]; then\n    _PLIST_ENTRY_KEYS+=(\"FIREBASE_ANALYTICS_COLLECTION_DEACTIVATED\")\n    _PLIST_ENTRY_TYPES+=(\"bool\")\n    _PLIST_ENTRY_VALUES+=(\"$(jsonBoolToYesNo \"$_ANALYTICS_DEACTIVATED\")\")\n  fi\n\n  # config.analytics_idfv_collection_enabled\n  _ANALYTICS_IDFV_COLLECTION=$(getFirebaseJsonKeyValue \"$_JSON_OUTPUT_RAW\" \"analytics_idfv_collection_enabled\")\n  if [[ $_ANALYTICS_IDFV_COLLECTION ]]; then\n    _PLIST_ENTRY_KEYS+=(\"GOOGLE_ANALYTICS_IDFV_COLLECTION_ENABLED\")\n    _PLIST_ENTRY_TYPES+=(\"bool\")\n    _PLIST_ENTRY_VALUES+=(\"$(jsonBoolToYesNo \"$_ANALYTICS_IDFV_COLLECTION\")\")\n  fi\n\n  # config.analytics_default_allow_analytics_storage\n  _ANALYTICS_STORAGE=$(getFirebaseJsonKeyValue \"$_JSON_OUTPUT_RAW\" \"analytics_default_allow_analytics_storage\")\n  if [[ $_ANALYTICS_STORAGE ]]; then\n    _PLIST_ENTRY_KEYS+=(\"GOOGLE_ANALYTICS_DEFAULT_ALLOW_ANALYTICS_STORAGE\")\n    _PLIST_ENTRY_TYPES+=(\"bool\")\n    _PLIST_ENTRY_VALUES+=(\"$(jsonBoolToYesNo \"$_ANALYTICS_STORAGE\")\")\n  fi\n\n  # config.analytics_default_allow_ad_storage\n  _ANALYTICS_AD_STORAGE=$(getFirebaseJsonKeyValue \"$_JSON_OUTPUT_RAW\" \"analytics_default_allow_ad_storage\")\n  if [[ $_ANALYTICS_AD_STORAGE ]]; then\n    _PLIST_ENTRY_KEYS+=(\"GOOGLE_ANALYTICS_DEFAULT_ALLOW_AD_STORAGE\")\n    _PLIST_ENTRY_TYPES+=(\"bool\")\n    _PLIST_ENTRY_VALUES+=(\"$(jsonBoolToYesNo \"$_ANALYTICS_AD_STORAGE\")\")\n  fi\n\n  # config.analytics_default_allow_ad_user_data\n  _ANALYTICS_AD_USER_DATA=$(getFirebaseJsonKeyValue \"$_JSON_OUTPUT_RAW\" \"analytics_default_allow_ad_user_data\")\n  if [[ $_ANALYTICS_AD_USER_DATA ]]; then\n    _PLIST_ENTRY_KEYS+=(\"GOOGLE_ANALYTICS_DEFAULT_ALLOW_AD_USER_DATA\")\n    _PLIST_ENTRY_TYPES+=(\"bool\")\n    _PLIST_ENTRY_VALUES+=(\"$(jsonBoolToYesNo \"$_ANALYTICS_AD_USER_DATA\")\")\n  fi\n\n  # config.analytics_default_allow_ad_personalization_signals\n  _ANALYTICS_PERSONALIZATION=$(getFirebaseJsonKeyValue \"$_JSON_OUTPUT_RAW\" \"analytics_default_allow_ad_personalization_signals\")\n  if [[ $_ANALYTICS_PERSONALIZATION ]]; then\n    _PLIST_ENTRY_KEYS+=(\"GOOGLE_ANALYTICS_DEFAULT_ALLOW_AD_PERSONALIZATION_SIGNALS\")\n    _PLIST_ENTRY_TYPES+=(\"bool\")\n    _PLIST_ENTRY_VALUES+=(\"$(jsonBoolToYesNo \"$_ANALYTICS_PERSONALIZATION\")\")\n  fi\n\n  # config.analytics_registration_with_ad_network_enabled\n  _ANALYTICS_REGISTRATION_WITH_AD_NETWORK=$(getFirebaseJsonKeyValue \"$_JSON_OUTPUT_RAW\" \"google_analytics_registration_with_ad_network_enabled\")\n  if [[ $_ANALYTICS_REGISTRATION_WITH_AD_NETWORK ]]; then\n    _PLIST_ENTRY_KEYS+=(\"GOOGLE_ANALYTICS_REGISTRATION_WITH_AD_NETWORK_ENABLED\")\n    _PLIST_ENTRY_TYPES+=(\"bool\")\n    _PLIST_ENTRY_VALUES+=(\"$(jsonBoolToYesNo \"$_ANALYTICS_REGISTRATION_WITH_AD_NETWORK\")\")\n  fi\n\n  # config.google_analytics_automatic_screen_reporting_enabled\n  _ANALYTICS_AUTO_SCREEN_REPORTING=$(getFirebaseJsonKeyValue \"$_JSON_OUTPUT_RAW\" \"google_analytics_automatic_screen_reporting_enabled\")\n  if [[ $_ANALYTICS_AUTO_SCREEN_REPORTING ]]; then\n    _PLIST_ENTRY_KEYS+=(\"FirebaseAutomaticScreenReportingEnabled\")\n    _PLIST_ENTRY_TYPES+=(\"bool\")\n    _PLIST_ENTRY_VALUES+=(\"$(jsonBoolToYesNo \"$_ANALYTICS_AUTO_SCREEN_REPORTING\")\")\n  fi\n\n  # config.perf_auto_collection_enabled\n  _PERF_AUTO_COLLECTION=$(getFirebaseJsonKeyValue \"$_JSON_OUTPUT_RAW\" \"perf_auto_collection_enabled\")\n  if [[ $_PERF_AUTO_COLLECTION ]]; then\n    _PLIST_ENTRY_KEYS+=(\"firebase_performance_collection_enabled\")\n    _PLIST_ENTRY_TYPES+=(\"bool\")\n    _PLIST_ENTRY_VALUES+=(\"$(jsonBoolToYesNo \"$_PERF_AUTO_COLLECTION\")\")\n  fi\n\n  # config.perf_collection_deactivated\n  _PERF_DEACTIVATED=$(getFirebaseJsonKeyValue \"$_JSON_OUTPUT_RAW\" \"perf_collection_deactivated\")\n  if [[ $_PERF_DEACTIVATED ]]; then\n    _PLIST_ENTRY_KEYS+=(\"firebase_performance_collection_deactivated\")\n    _PLIST_ENTRY_TYPES+=(\"bool\")\n    _PLIST_ENTRY_VALUES+=(\"$(jsonBoolToYesNo \"$_PERF_DEACTIVATED\")\")\n  fi\n\n  # config.messaging_auto_init_enabled\n  _MESSAGING_AUTO_INIT=$(getFirebaseJsonKeyValue \"$_JSON_OUTPUT_RAW\" \"messaging_auto_init_enabled\")\n  if [[ $_MESSAGING_AUTO_INIT ]]; then\n    _PLIST_ENTRY_KEYS+=(\"FirebaseMessagingAutoInitEnabled\")\n    _PLIST_ENTRY_TYPES+=(\"bool\")\n    _PLIST_ENTRY_VALUES+=(\"$(jsonBoolToYesNo \"$_MESSAGING_AUTO_INIT\")\")\n  fi\n\n  # config.in_app_messaging_auto_colllection_enabled\n  _FIAM_AUTO_INIT=$(getFirebaseJsonKeyValue \"$_JSON_OUTPUT_RAW\" \"in_app_messaging_auto_collection_enabled\")\n  if [[ $_FIAM_AUTO_INIT ]]; then\n    _PLIST_ENTRY_KEYS+=(\"FirebaseInAppMessagingAutomaticDataCollectionEnabled\")\n    _PLIST_ENTRY_TYPES+=(\"bool\")\n    _PLIST_ENTRY_VALUES+=(\"$(jsonBoolToYesNo \"$_FIAM_AUTO_INIT\")\")\n  fi\n\n  # config.app_check_token_auto_refresh\n  _APP_CHECK_TOKEN_AUTO_REFRESH=$(getFirebaseJsonKeyValue \"$_JSON_OUTPUT_RAW\" \"app_check_token_auto_refresh\")\n  if [[ $_APP_CHECK_TOKEN_AUTO_REFRESH ]]; then\n    _PLIST_ENTRY_KEYS+=(\"FirebaseAppCheckTokenAutoRefreshEnabled\")\n    _PLIST_ENTRY_TYPES+=(\"bool\")\n    _PLIST_ENTRY_VALUES+=(\"$(jsonBoolToYesNo \"$_APP_CHECK_TOKEN_AUTO_REFRESH\")\")\n  fi\n\n  # config.crashlytics_disable_auto_disabler - undocumented for now - mainly for debugging, document if becomes useful\n  _CRASHLYTICS_AUTO_DISABLE_ENABLED=$(getFirebaseJsonKeyValue \"$_JSON_OUTPUT_RAW\" \"crashlytics_disable_auto_disabler\")\n  if [[ $_CRASHLYTICS_AUTO_DISABLE_ENABLED == \"true\" ]]; then\n    echo \"Disabled Crashlytics auto disabler.\" # do nothing\n  else\n    _PLIST_ENTRY_KEYS+=(\"FirebaseCrashlyticsCollectionEnabled\")\n    _PLIST_ENTRY_TYPES+=(\"bool\")\n    _PLIST_ENTRY_VALUES+=(\"NO\")\n  fi\nelse\n  _PLIST_ENTRY_KEYS+=(\"firebase_json_raw\")\n  _PLIST_ENTRY_TYPES+=(\"string\")\n  _PLIST_ENTRY_VALUES+=(\"$_JSON_OUTPUT_BASE64\")\n  echo \"warning:   A firebase.json file was not found, whilst this file is optional it is recommended to include it to configure firebase services in React Native Firebase.\"\nfi;\n\necho \"info: 2) Injecting Info.plist entries: \"\n\n# Log out the keys we're adding\nfor i in \"${!_PLIST_ENTRY_KEYS[@]}\"; do\n  echo \"    ->  $i) ${_PLIST_ENTRY_KEYS[$i]}\" \"${_PLIST_ENTRY_TYPES[$i]}\" \"${_PLIST_ENTRY_VALUES[$i]}\"\ndone\n\nfor plist in \"${_TARGET_PLIST}\" \"${_DSYM_PLIST}\" ; do\n  if [[ -f \"${plist}\" ]]; then\n\n    # paths with spaces break the call to setPlistValue. temporarily modify\n    # the shell internal field separator variable (IFS), which normally\n    # includes spaces, to consist only of line breaks\n    oldifs=$IFS\n    IFS=\"\n\"\n\n    for i in \"${!_PLIST_ENTRY_KEYS[@]}\"; do\n      setPlistValue \"${_PLIST_ENTRY_KEYS[$i]}\" \"${_PLIST_ENTRY_TYPES[$i]}\" \"${_PLIST_ENTRY_VALUES[$i]}\" \"${plist}\"\n    done\n\n    # restore the original internal field separator value\n    IFS=$oldifs\n  else\n    echo \"warning:   A Info.plist build output file was not found (${plist})\"\n  fi\ndone\n\necho \"info: <- RNFB build script finished\"\n";
		};
		519768880520012D590F3637 /* [CP] Copy Pods Resources */ = {
			isa = PBXShellScriptBuildPhase;
			buildActionMask = 2147483647;
			files = (
			);
			inputPaths = (
				"${PODS_ROOT}/Target Support Files/Pods-appe/Pods-appe-resources.sh",
				"${PODS_CONFIGURATION_BUILD_DIR}/AppCenter/AppCenterAnalytics.bundle",
				"${PODS_CONFIGURATION_BUILD_DIR}/AppCenter/AppCenter.bundle",
				"${PODS_CONFIGURATION_BUILD_DIR}/AppCenter/AppCenterCrashes.bundle",
				"${PODS_CONFIGURATION_BUILD_DIR}/FirebaseABTesting/FirebaseABTesting_Privacy.bundle",
				"${PODS_CONFIGURATION_BUILD_DIR}/FirebaseCore/FirebaseCore_Privacy.bundle",
				"${PODS_CONFIGURATION_BUILD_DIR}/FirebaseCoreExtension/FirebaseCoreExtension_Privacy.bundle",
				"${PODS_CONFIGURATION_BUILD_DIR}/FirebaseCoreInternal/FirebaseCoreInternal_Privacy.bundle",
				"${PODS_CONFIGURATION_BUILD_DIR}/FirebaseInAppMessaging/InAppMessagingDisplayResources.bundle",
				"${PODS_CONFIGURATION_BUILD_DIR}/FirebaseInstallations/FirebaseInstallations_Privacy.bundle",
				"${PODS_CONFIGURATION_BUILD_DIR}/FirebaseMessaging/FirebaseMessaging_Privacy.bundle",
				"${PODS_CONFIGURATION_BUILD_DIR}/GoogleDataTransport/GoogleDataTransport_Privacy.bundle",
				"${PODS_CONFIGURATION_BUILD_DIR}/GoogleUtilities/GoogleUtilities_Privacy.bundle",
				"${PODS_CONFIGURATION_BUILD_DIR}/PromisesObjC/FBLPromises_Privacy.bundle",
				"${PODS_CONFIGURATION_BUILD_DIR}/RNImageCropPicker/RNImageCropPickerPrivacyInfo.bundle",
				"${PODS_CONFIGURATION_BUILD_DIR}/RNImageCropPicker/QBImagePicker.bundle",
				"${PODS_ROOT}/../../node_modules/react-native-vector-icons/Fonts/AntDesign.ttf",
				"${PODS_ROOT}/../../node_modules/react-native-vector-icons/Fonts/Entypo.ttf",
				"${PODS_ROOT}/../../node_modules/react-native-vector-icons/Fonts/EvilIcons.ttf",
				"${PODS_ROOT}/../../node_modules/react-native-vector-icons/Fonts/Feather.ttf",
				"${PODS_ROOT}/../../node_modules/react-native-vector-icons/Fonts/FontAwesome.ttf",
				"${PODS_ROOT}/../../node_modules/react-native-vector-icons/Fonts/FontAwesome5_Brands.ttf",
				"${PODS_ROOT}/../../node_modules/react-native-vector-icons/Fonts/FontAwesome5_Regular.ttf",
				"${PODS_ROOT}/../../node_modules/react-native-vector-icons/Fonts/FontAwesome5_Solid.ttf",
				"${PODS_ROOT}/../../node_modules/react-native-vector-icons/Fonts/FontAwesome6_Brands.ttf",
				"${PODS_ROOT}/../../node_modules/react-native-vector-icons/Fonts/FontAwesome6_Regular.ttf",
				"${PODS_ROOT}/../../node_modules/react-native-vector-icons/Fonts/FontAwesome6_Solid.ttf",
				"${PODS_ROOT}/../../node_modules/react-native-vector-icons/Fonts/Fontisto.ttf",
				"${PODS_ROOT}/../../node_modules/react-native-vector-icons/Fonts/Foundation.ttf",
				"${PODS_ROOT}/../../node_modules/react-native-vector-icons/Fonts/Ionicons.ttf",
				"${PODS_ROOT}/../../node_modules/react-native-vector-icons/Fonts/MaterialCommunityIcons.ttf",
				"${PODS_ROOT}/../../node_modules/react-native-vector-icons/Fonts/MaterialIcons.ttf",
				"${PODS_ROOT}/../../node_modules/react-native-vector-icons/Fonts/Octicons.ttf",
				"${PODS_ROOT}/../../node_modules/react-native-vector-icons/Fonts/SimpleLineIcons.ttf",
				"${PODS_ROOT}/../../node_modules/react-native-vector-icons/Fonts/Zocial.ttf",
				"${PODS_CONFIGURATION_BUILD_DIR}/React-Core/RCTI18nStrings.bundle",
				"${PODS_CONFIGURATION_BUILD_DIR}/TOCropViewController/TOCropViewControllerBundle.bundle",
				"${PODS_CONFIGURATION_BUILD_DIR}/lottie-ios/LottiePrivacyInfo.bundle",
				"${PODS_CONFIGURATION_BUILD_DIR}/lottie-react-native/Lottie_React_Native_Privacy.bundle",
				"${PODS_CONFIGURATION_BUILD_DIR}/nanopb/nanopb_Privacy.bundle",
			);
			name = "[CP] Copy Pods Resources";
			outputPaths = (
				"${TARGET_BUILD_DIR}/${UNLOCALIZED_RESOURCES_FOLDER_PATH}/AppCenterAnalytics.bundle",
				"${TARGET_BUILD_DIR}/${UNLOCALIZED_RESOURCES_FOLDER_PATH}/AppCenter.bundle",
				"${TARGET_BUILD_DIR}/${UNLOCALIZED_RESOURCES_FOLDER_PATH}/AppCenterCrashes.bundle",
				"${TARGET_BUILD_DIR}/${UNLOCALIZED_RESOURCES_FOLDER_PATH}/FirebaseABTesting_Privacy.bundle",
				"${TARGET_BUILD_DIR}/${UNLOCALIZED_RESOURCES_FOLDER_PATH}/FirebaseCore_Privacy.bundle",
				"${TARGET_BUILD_DIR}/${UNLOCALIZED_RESOURCES_FOLDER_PATH}/FirebaseCoreExtension_Privacy.bundle",
				"${TARGET_BUILD_DIR}/${UNLOCALIZED_RESOURCES_FOLDER_PATH}/FirebaseCoreInternal_Privacy.bundle",
				"${TARGET_BUILD_DIR}/${UNLOCALIZED_RESOURCES_FOLDER_PATH}/InAppMessagingDisplayResources.bundle",
				"${TARGET_BUILD_DIR}/${UNLOCALIZED_RESOURCES_FOLDER_PATH}/FirebaseInstallations_Privacy.bundle",
				"${TARGET_BUILD_DIR}/${UNLOCALIZED_RESOURCES_FOLDER_PATH}/FirebaseMessaging_Privacy.bundle",
				"${TARGET_BUILD_DIR}/${UNLOCALIZED_RESOURCES_FOLDER_PATH}/GoogleDataTransport_Privacy.bundle",
				"${TARGET_BUILD_DIR}/${UNLOCALIZED_RESOURCES_FOLDER_PATH}/GoogleUtilities_Privacy.bundle",
				"${TARGET_BUILD_DIR}/${UNLOCALIZED_RESOURCES_FOLDER_PATH}/FBLPromises_Privacy.bundle",
				"${TARGET_BUILD_DIR}/${UNLOCALIZED_RESOURCES_FOLDER_PATH}/RNImageCropPickerPrivacyInfo.bundle",
				"${TARGET_BUILD_DIR}/${UNLOCALIZED_RESOURCES_FOLDER_PATH}/QBImagePicker.bundle",
				"${TARGET_BUILD_DIR}/${UNLOCALIZED_RESOURCES_FOLDER_PATH}/AntDesign.ttf",
				"${TARGET_BUILD_DIR}/${UNLOCALIZED_RESOURCES_FOLDER_PATH}/Entypo.ttf",
				"${TARGET_BUILD_DIR}/${UNLOCALIZED_RESOURCES_FOLDER_PATH}/EvilIcons.ttf",
				"${TARGET_BUILD_DIR}/${UNLOCALIZED_RESOURCES_FOLDER_PATH}/Feather.ttf",
				"${TARGET_BUILD_DIR}/${UNLOCALIZED_RESOURCES_FOLDER_PATH}/FontAwesome.ttf",
				"${TARGET_BUILD_DIR}/${UNLOCALIZED_RESOURCES_FOLDER_PATH}/FontAwesome5_Brands.ttf",
				"${TARGET_BUILD_DIR}/${UNLOCALIZED_RESOURCES_FOLDER_PATH}/FontAwesome5_Regular.ttf",
				"${TARGET_BUILD_DIR}/${UNLOCALIZED_RESOURCES_FOLDER_PATH}/FontAwesome5_Solid.ttf",
				"${TARGET_BUILD_DIR}/${UNLOCALIZED_RESOURCES_FOLDER_PATH}/FontAwesome6_Brands.ttf",
				"${TARGET_BUILD_DIR}/${UNLOCALIZED_RESOURCES_FOLDER_PATH}/FontAwesome6_Regular.ttf",
				"${TARGET_BUILD_DIR}/${UNLOCALIZED_RESOURCES_FOLDER_PATH}/FontAwesome6_Solid.ttf",
				"${TARGET_BUILD_DIR}/${UNLOCALIZED_RESOURCES_FOLDER_PATH}/Fontisto.ttf",
				"${TARGET_BUILD_DIR}/${UNLOCALIZED_RESOURCES_FOLDER_PATH}/Foundation.ttf",
				"${TARGET_BUILD_DIR}/${UNLOCALIZED_RESOURCES_FOLDER_PATH}/Ionicons.ttf",
				"${TARGET_BUILD_DIR}/${UNLOCALIZED_RESOURCES_FOLDER_PATH}/MaterialCommunityIcons.ttf",
				"${TARGET_BUILD_DIR}/${UNLOCALIZED_RESOURCES_FOLDER_PATH}/MaterialIcons.ttf",
				"${TARGET_BUILD_DIR}/${UNLOCALIZED_RESOURCES_FOLDER_PATH}/Octicons.ttf",
				"${TARGET_BUILD_DIR}/${UNLOCALIZED_RESOURCES_FOLDER_PATH}/SimpleLineIcons.ttf",
				"${TARGET_BUILD_DIR}/${UNLOCALIZED_RESOURCES_FOLDER_PATH}/Zocial.ttf",
				"${TARGET_BUILD_DIR}/${UNLOCALIZED_RESOURCES_FOLDER_PATH}/RCTI18nStrings.bundle",
				"${TARGET_BUILD_DIR}/${UNLOCALIZED_RESOURCES_FOLDER_PATH}/TOCropViewControllerBundle.bundle",
				"${TARGET_BUILD_DIR}/${UNLOCALIZED_RESOURCES_FOLDER_PATH}/LottiePrivacyInfo.bundle",
				"${TARGET_BUILD_DIR}/${UNLOCALIZED_RESOURCES_FOLDER_PATH}/Lottie_React_Native_Privacy.bundle",
				"${TARGET_BUILD_DIR}/${UNLOCALIZED_RESOURCES_FOLDER_PATH}/nanopb_Privacy.bundle",
			);
			runOnlyForDeploymentPostprocessing = 0;
			shellPath = /bin/sh;
			shellScript = "\"${PODS_ROOT}/Target Support Files/Pods-appe/Pods-appe-resources.sh\"\n";
			showEnvVarsInLog = 0;
		};
		9177BEECCF98298145120B2F /* [CP] Embed Pods Frameworks */ = {
			isa = PBXShellScriptBuildPhase;
			buildActionMask = 2147483647;
			files = (
			);
			inputPaths = (
				"${PODS_ROOT}/Target Support Files/Pods-appe/Pods-appe-frameworks.sh",
				"${PODS_XCFRAMEWORKS_BUILD_DIR}/ZendeskAnswerBotProvidersSDK/AnswerBotProvidersSDK.framework/AnswerBotProvidersSDK",
				"${PODS_XCFRAMEWORKS_BUILD_DIR}/ZendeskAnswerBotSDK/AnswerBotSDK.framework/AnswerBotSDK",
				"${PODS_XCFRAMEWORKS_BUILD_DIR}/ZendeskChatProvidersSDK/ChatProvidersSDK.framework/ChatProvidersSDK",
				"${PODS_XCFRAMEWORKS_BUILD_DIR}/ZendeskChatSDK/ChatSDK.framework/ChatSDK",
				"${PODS_XCFRAMEWORKS_BUILD_DIR}/ZendeskCommonUISDK/CommonUISDK.framework/CommonUISDK",
				"${PODS_XCFRAMEWORKS_BUILD_DIR}/ZendeskCoreSDK/ZendeskCoreSDK.framework/ZendeskCoreSDK",
				"${PODS_XCFRAMEWORKS_BUILD_DIR}/ZendeskMessagingAPISDK/MessagingAPI.framework/MessagingAPI",
				"${PODS_XCFRAMEWORKS_BUILD_DIR}/ZendeskMessagingSDK/MessagingSDK.framework/MessagingSDK",
				"${PODS_XCFRAMEWORKS_BUILD_DIR}/ZendeskSDKConfigurationsSDK/SDKConfigurations.framework/SDKConfigurations",
				"${PODS_XCFRAMEWORKS_BUILD_DIR}/ZendeskSupportProvidersSDK/SupportProvidersSDK.framework/SupportProvidersSDK",
				"${PODS_XCFRAMEWORKS_BUILD_DIR}/ZendeskSupportSDK/SupportSDK.framework/SupportSDK",
				"${PODS_XCFRAMEWORKS_BUILD_DIR}/hermes-engine/Pre-built/hermes.framework/hermes",
			);
			name = "[CP] Embed Pods Frameworks";
			outputPaths = (
				"${TARGET_BUILD_DIR}/${FRAMEWORKS_FOLDER_PATH}/AnswerBotProvidersSDK.framework",
				"${TARGET_BUILD_DIR}/${FRAMEWORKS_FOLDER_PATH}/AnswerBotSDK.framework",
				"${TARGET_BUILD_DIR}/${FRAMEWORKS_FOLDER_PATH}/ChatProvidersSDK.framework",
				"${TARGET_BUILD_DIR}/${FRAMEWORKS_FOLDER_PATH}/ChatSDK.framework",
				"${TARGET_BUILD_DIR}/${FRAMEWORKS_FOLDER_PATH}/CommonUISDK.framework",
				"${TARGET_BUILD_DIR}/${FRAMEWORKS_FOLDER_PATH}/ZendeskCoreSDK.framework",
				"${TARGET_BUILD_DIR}/${FRAMEWORKS_FOLDER_PATH}/MessagingAPI.framework",
				"${TARGET_BUILD_DIR}/${FRAMEWORKS_FOLDER_PATH}/MessagingSDK.framework",
				"${TARGET_BUILD_DIR}/${FRAMEWORKS_FOLDER_PATH}/SDKConfigurations.framework",
				"${TARGET_BUILD_DIR}/${FRAMEWORKS_FOLDER_PATH}/SupportProvidersSDK.framework",
				"${TARGET_BUILD_DIR}/${FRAMEWORKS_FOLDER_PATH}/SupportSDK.framework",
				"${TARGET_BUILD_DIR}/${FRAMEWORKS_FOLDER_PATH}/hermes.framework",
			);
			runOnlyForDeploymentPostprocessing = 0;
			shellPath = /bin/sh;
			shellScript = "\"${PODS_ROOT}/Target Support Files/Pods-appe/Pods-appe-frameworks.sh\"\n";
			showEnvVarsInLog = 0;
		};
		A0D3E2889A462D7C8D3C2BB3 /* [CP] Check Pods Manifest.lock */ = {
			isa = PBXShellScriptBuildPhase;
			buildActionMask = 2147483647;
			files = (
			);
			inputFileListPaths = (
			);
			inputPaths = (
				"${PODS_PODFILE_DIR_PATH}/Podfile.lock",
				"${PODS_ROOT}/Manifest.lock",
			);
			name = "[CP] Check Pods Manifest.lock";
			outputFileListPaths = (
			);
			outputPaths = (
				"$(DERIVED_FILE_DIR)/Pods-appe-checkManifestLockResult.txt",
			);
			runOnlyForDeploymentPostprocessing = 0;
			shellPath = /bin/sh;
			shellScript = "diff \"${PODS_PODFILE_DIR_PATH}/Podfile.lock\" \"${PODS_ROOT}/Manifest.lock\" > /dev/null\nif [ $? != 0 ] ; then\n    # print error to STDERR\n    echo \"error: The sandbox is not in sync with the Podfile.lock. Run 'pod install' or update your CocoaPods installation.\" >&2\n    exit 1\nfi\n# This output is used by Xcode 'outputs' to avoid re-running this script phase.\necho \"SUCCESS\" > \"${SCRIPT_OUTPUT_FILE_0}\"\n";
			showEnvVarsInLog = 0;
		};
/* End PBXShellScriptBuildPhase section */

/* Begin PBXSourcesBuildPhase section */
		13B07F871A680F5B00A75B9A /* Sources */ = {
			isa = PBXSourcesBuildPhase;
			buildActionMask = 2147483647;
			files = (
				13B07FBC1A68108700A75B9A /* AppDelegate.mm in Sources */,
				13B07FC11A68108700A75B9A /* main.m in Sources */,
				F0CB47612BC6BF83006A73F3 /* ZendeskUnified.mm in Sources */,
				74660EAE247BE64C00F74D20 /* DummySwiftFile.swift in Sources */,
				F0CB47602BC6BF83006A73F3 /* ZendeskUnified.swift in Sources */,
			);
			runOnlyForDeploymentPostprocessing = 0;
		};
/* End PBXSourcesBuildPhase section */

/* Begin PBXVariantGroup section */
		F062593E26454B14001AE555 /* InfoPlist.strings */ = {
			isa = PBXVariantGroup;
			children = (
				F062593D26454B14001AE555 /* en */,
				F062593F26454B17001AE555 /* fr */,
				F062594026454B18001AE555 /* es */,
			);
			name = InfoPlist.strings;
			path = appe;
			sourceTree = "<group>";
		};
/* End PBXVariantGroup section */

/* Begin XCBuildConfiguration section */
		13B07F941A680F5B00A75B9A /* Debug */ = {
			isa = XCBuildConfiguration;
			baseConfigurationReference = 42FDC4360830EB2D0044A292 /* Pods-appe.debug.xcconfig */;
			buildSettings = {
				ASSETCATALOG_COMPILER_APPICON_NAME = AppIcon;
				CLANG_CXX_LANGUAGE_STANDARD = "c++20";
				CLANG_ENABLE_MODULES = YES;
				CODE_SIGN_ENTITLEMENTS = appe/appe.entitlements;
				CURRENT_PROJECT_VERSION = 1;
				DEAD_CODE_STRIPPING = YES;
				DEVELOPMENT_TEAM = 3RYA6A26JC;
				HEADER_SEARCH_PATHS = (
					"$(inherited)",
					"\"${PODS_ROOT}/Headers/Public\"",
					"\"${PODS_ROOT}/Headers/Public/DoubleConversion\"",
					"\"${PODS_ROOT}/Headers/Public/Firebase\"",
					"\"${PODS_ROOT}/Headers/Public/FirebaseAnalyticsInterop\"",
					"\"${PODS_ROOT}/Headers/Public/FirebaseCore\"",
					"\"${PODS_ROOT}/Headers/Public/FirebaseInstanceID\"",
					"\"${PODS_ROOT}/Headers/Public/FirebaseMessaging\"",
					"\"${PODS_ROOT}/Headers/Public/GoogleUtilities\"",
					"\"${PODS_ROOT}/Headers/Public/Mixpanel\"",
					"\"${PODS_ROOT}/Headers/Public/Protobuf\"",
					"\"${PODS_ROOT}/Headers/Public/RNCPushNotificationIOS\"",
					"\"${PODS_ROOT}/Headers/Public/RNDeviceInfo\"",
					"\"${PODS_ROOT}/Headers/Public/RNFS\"",
					"\"${PODS_ROOT}/Headers/Public/RNFastImage\"",
					"\"${PODS_ROOT}/Headers/Public/RNFileShareIntent\"",
					"\"${PODS_ROOT}/Headers/Public/RNFirebase\"",
					"\"${PODS_ROOT}/Headers/Public/RNGestureHandler\"",
					"\"${PODS_ROOT}/Headers/Public/RNLocalize\"",
					"\"${PODS_ROOT}/Headers/Public/RNPermissions\"",
					"\"${PODS_ROOT}/Headers/Public/RNShare\"",
					"\"${PODS_ROOT}/Headers/Public/RNTextSize\"",
					"\"${PODS_ROOT}/Headers/Public/RNVectorIcons\"",
					"\"${PODS_ROOT}/Headers/Public/React-Core\"",
					"\"${PODS_ROOT}/Headers/Public/React-DevSupport\"",
					"\"${PODS_ROOT}/Headers/Public/React-RCTActionSheet\"",
					"\"${PODS_ROOT}/Headers/Public/React-RCTAnimation\"",
					"\"${PODS_ROOT}/Headers/Public/React-RCTBlob\"",
					"\"${PODS_ROOT}/Headers/Public/React-RCTImage\"",
					"\"${PODS_ROOT}/Headers/Public/React-RCTLinking\"",
					"\"${PODS_ROOT}/Headers/Public/React-RCTNetwork\"",
					"\"${PODS_ROOT}/Headers/Public/React-RCTSettings\"",
					"\"${PODS_ROOT}/Headers/Public/React-RCTText\"",
					"\"${PODS_ROOT}/Headers/Public/React-RCTVibration\"",
					"\"${PODS_ROOT}/Headers/Public/React-RCTWebSocket\"",
					"\"${PODS_ROOT}/Headers/Public/React-cxxreact\"",
					"\"${PODS_ROOT}/Headers/Public/React-jsi\"",
					"\"${PODS_ROOT}/Headers/Public/React-jsiexecutor\"",
					"\"${PODS_ROOT}/Headers/Public/React-jsinspector\"",
					"\"${PODS_ROOT}/Headers/Public/SDWebImage\"",
					"\"${PODS_ROOT}/Headers/Public/SDWebImageWebPCoder\"",
					"\"${PODS_ROOT}/Headers/Public/glog\"",
					"\"${PODS_ROOT}/Headers/Public/libwebp\"",
					"\"${PODS_ROOT}/Headers/Public/nanopb\"",
					"\"${PODS_ROOT}/Headers/Public/react-native-document-picker\"",
					"\"${PODS_ROOT}/Headers/Public/react-native-image-picker\"",
					"\"${PODS_ROOT}/Headers/Public/react-native-mixpanel\"",
					"\"${PODS_ROOT}/Headers/Public/react-native-netinfo\"",
					"\"${PODS_ROOT}/Headers/Public/react-native-splash-screen\"",
					"\"${PODS_ROOT}/Headers/Public/react-native-video\"",
					"\"${PODS_ROOT}/Headers/Public/react-native-webview\"",
					"\"${PODS_ROOT}/Headers/Public/rn-fetch-blob\"",
					"\"${PODS_ROOT}/Headers/Public/yoga\"",
					"$(inherited)",
					"${PODS_ROOT}/Firebase/CoreOnly/Sources",
				);
				INFOPLIST_FILE = appe/Info.plist;
				IPHONEOS_DEPLOYMENT_TARGET = 13.0;
				LD_RUNPATH_SEARCH_PATHS = "$(inherited) @executable_path/Frameworks";
				OTHER_CPLUSPLUSFLAGS = (
					"$(OTHER_CFLAGS)",
					"-DFOLLY_NO_CONFIG",
					"-DFOLLY_MOBILE=1",
					"-DFOLLY_USE_LIBCPP=1",
					"-DFOLLY_CFG_NO_COROUTINES=1",
				);
				OTHER_LDFLAGS = (
					"$(inherited)",
					"-ObjC",
					"-lc++",
				);
				PRODUCT_BUNDLE_IDENTIFIER = com.ode.appe;
				PRODUCT_NAME = appe;
				SWIFT_OBJC_BRIDGING_HEADER = "appe-Bridging-Header.h";
				SWIFT_OPTIMIZATION_LEVEL = "-Onone";
				SWIFT_VERSION = 5.0;
				VERSIONING_SYSTEM = "apple-generic";
			};
			name = Debug;
		};
		13B07F951A680F5B00A75B9A /* Release */ = {
			isa = XCBuildConfiguration;
			baseConfigurationReference = DAAB12508AD5F6829B136F0F /* Pods-appe.release.xcconfig */;
			buildSettings = {
				ASSETCATALOG_COMPILER_APPICON_NAME = AppIcon;
				CLANG_CXX_LANGUAGE_STANDARD = "c++20";
				CLANG_ENABLE_MODULES = YES;
				CODE_SIGN_ENTITLEMENTS = appe/appe.entitlements;
				CURRENT_PROJECT_VERSION = 1;
				DEVELOPMENT_TEAM = 3RYA6A26JC;
				HEADER_SEARCH_PATHS = (
					"$(inherited)",
					"\"${PODS_ROOT}/Headers/Public\"",
					"\"${PODS_ROOT}/Headers/Public/DoubleConversion\"",
					"\"${PODS_ROOT}/Headers/Public/Firebase\"",
					"\"${PODS_ROOT}/Headers/Public/FirebaseAnalyticsInterop\"",
					"\"${PODS_ROOT}/Headers/Public/FirebaseCore\"",
					"\"${PODS_ROOT}/Headers/Public/FirebaseInstanceID\"",
					"\"${PODS_ROOT}/Headers/Public/FirebaseMessaging\"",
					"\"${PODS_ROOT}/Headers/Public/GoogleUtilities\"",
					"\"${PODS_ROOT}/Headers/Public/Mixpanel\"",
					"\"${PODS_ROOT}/Headers/Public/Protobuf\"",
					"\"${PODS_ROOT}/Headers/Public/RNCPushNotificationIOS\"",
					"\"${PODS_ROOT}/Headers/Public/RNDeviceInfo\"",
					"\"${PODS_ROOT}/Headers/Public/RNFS\"",
					"\"${PODS_ROOT}/Headers/Public/RNFastImage\"",
					"\"${PODS_ROOT}/Headers/Public/RNFileShareIntent\"",
					"\"${PODS_ROOT}/Headers/Public/RNFirebase\"",
					"\"${PODS_ROOT}/Headers/Public/RNGestureHandler\"",
					"\"${PODS_ROOT}/Headers/Public/RNLocalize\"",
					"\"${PODS_ROOT}/Headers/Public/RNPermissions\"",
					"\"${PODS_ROOT}/Headers/Public/RNShare\"",
					"\"${PODS_ROOT}/Headers/Public/RNTextSize\"",
					"\"${PODS_ROOT}/Headers/Public/RNVectorIcons\"",
					"\"${PODS_ROOT}/Headers/Public/React-Core\"",
					"\"${PODS_ROOT}/Headers/Public/React-DevSupport\"",
					"\"${PODS_ROOT}/Headers/Public/React-RCTActionSheet\"",
					"\"${PODS_ROOT}/Headers/Public/React-RCTAnimation\"",
					"\"${PODS_ROOT}/Headers/Public/React-RCTBlob\"",
					"\"${PODS_ROOT}/Headers/Public/React-RCTImage\"",
					"\"${PODS_ROOT}/Headers/Public/React-RCTLinking\"",
					"\"${PODS_ROOT}/Headers/Public/React-RCTNetwork\"",
					"\"${PODS_ROOT}/Headers/Public/React-RCTSettings\"",
					"\"${PODS_ROOT}/Headers/Public/React-RCTText\"",
					"\"${PODS_ROOT}/Headers/Public/React-RCTVibration\"",
					"\"${PODS_ROOT}/Headers/Public/React-RCTWebSocket\"",
					"\"${PODS_ROOT}/Headers/Public/React-cxxreact\"",
					"\"${PODS_ROOT}/Headers/Public/React-jsi\"",
					"\"${PODS_ROOT}/Headers/Public/React-jsiexecutor\"",
					"\"${PODS_ROOT}/Headers/Public/React-jsinspector\"",
					"\"${PODS_ROOT}/Headers/Public/SDWebImage\"",
					"\"${PODS_ROOT}/Headers/Public/SDWebImageWebPCoder\"",
					"\"${PODS_ROOT}/Headers/Public/glog\"",
					"\"${PODS_ROOT}/Headers/Public/libwebp\"",
					"\"${PODS_ROOT}/Headers/Public/nanopb\"",
					"\"${PODS_ROOT}/Headers/Public/react-native-document-picker\"",
					"\"${PODS_ROOT}/Headers/Public/react-native-image-picker\"",
					"\"${PODS_ROOT}/Headers/Public/react-native-mixpanel\"",
					"\"${PODS_ROOT}/Headers/Public/react-native-netinfo\"",
					"\"${PODS_ROOT}/Headers/Public/react-native-splash-screen\"",
					"\"${PODS_ROOT}/Headers/Public/react-native-video\"",
					"\"${PODS_ROOT}/Headers/Public/react-native-webview\"",
					"\"${PODS_ROOT}/Headers/Public/rn-fetch-blob\"",
					"\"${PODS_ROOT}/Headers/Public/yoga\"",
					"$(inherited)",
					"${PODS_ROOT}/Firebase/CoreOnly/Sources",
				);
				INFOPLIST_FILE = appe/Info.plist;
				IPHONEOS_DEPLOYMENT_TARGET = 13.0;
				LD_RUNPATH_SEARCH_PATHS = "$(inherited) @executable_path/Frameworks";
				OTHER_CPLUSPLUSFLAGS = (
					"$(OTHER_CFLAGS)",
					"-DFOLLY_NO_CONFIG",
					"-DFOLLY_MOBILE=1",
					"-DFOLLY_USE_LIBCPP=1",
					"-DFOLLY_CFG_NO_COROUTINES=1",
				);
				OTHER_LDFLAGS = (
					"$(inherited)",
					"-ObjC",
					"-lc++",
				);
				PRODUCT_BUNDLE_IDENTIFIER = com.ode.appe;
				PRODUCT_NAME = appe;
				SWIFT_OBJC_BRIDGING_HEADER = "appe-Bridging-Header.h";
				SWIFT_VERSION = 5.0;
				VERSIONING_SYSTEM = "apple-generic";
			};
			name = Release;
		};
		83CBBA201A601CBA00E9B192 /* Debug */ = {
			isa = XCBuildConfiguration;
			buildSettings = {
				ALWAYS_SEARCH_USER_PATHS = NO;
				CLANG_CXX_LANGUAGE_STANDARD = "c++20";
				CLANG_CXX_LIBRARY = "libc++";
				CLANG_ENABLE_MODULES = YES;
				CLANG_ENABLE_OBJC_ARC = YES;
				CLANG_WARN_BLOCK_CAPTURE_AUTORELEASING = YES;
				CLANG_WARN_BOOL_CONVERSION = YES;
				CLANG_WARN_COMMA = YES;
				CLANG_WARN_CONSTANT_CONVERSION = YES;
				CLANG_WARN_DEPRECATED_OBJC_IMPLEMENTATIONS = YES;
				CLANG_WARN_DIRECT_OBJC_ISA_USAGE = YES_ERROR;
				CLANG_WARN_EMPTY_BODY = YES;
				CLANG_WARN_ENUM_CONVERSION = YES;
				CLANG_WARN_INFINITE_RECURSION = YES;
				CLANG_WARN_INT_CONVERSION = YES;
				CLANG_WARN_NON_LITERAL_NULL_CONVERSION = YES;
				CLANG_WARN_OBJC_IMPLICIT_RETAIN_SELF = YES;
				CLANG_WARN_OBJC_LITERAL_CONVERSION = YES;
				CLANG_WARN_OBJC_ROOT_CLASS = YES_ERROR;
				CLANG_WARN_RANGE_LOOP_ANALYSIS = YES;
				CLANG_WARN_STRICT_PROTOTYPES = YES;
				CLANG_WARN_SUSPICIOUS_MOVE = YES;
				CLANG_WARN_UNREACHABLE_CODE = YES;
				CLANG_WARN__DUPLICATE_METHOD_MATCH = YES;
				"CODE_SIGN_IDENTITY[sdk=iphoneos*]" = "iPhone Developer";
				COPY_PHASE_STRIP = NO;
				DEVELOPMENT_TEAM = 3RYA6A26JC;
				ENABLE_STRICT_OBJC_MSGSEND = YES;
				ENABLE_TESTABILITY = YES;
				"EXCLUDED_ARCHS[sdk=iphonesimulator*]" = i386;
				GCC_C_LANGUAGE_STANDARD = gnu99;
				GCC_DYNAMIC_NO_PIC = NO;
				GCC_NO_COMMON_BLOCKS = YES;
				GCC_OPTIMIZATION_LEVEL = 0;
				GCC_PREPROCESSOR_DEFINITIONS = (
					"DEBUG=1",
					"$(inherited)",
					_LIBCPP_ENABLE_CXX17_REMOVED_UNARY_BINARY_FUNCTION,
				);
				GCC_SYMBOLS_PRIVATE_EXTERN = NO;
				GCC_WARN_64_TO_32_BIT_CONVERSION = YES;
				GCC_WARN_ABOUT_RETURN_TYPE = YES_ERROR;
				GCC_WARN_UNDECLARED_SELECTOR = YES;
				GCC_WARN_UNINITIALIZED_AUTOS = YES_AGGRESSIVE;
				GCC_WARN_UNUSED_FUNCTION = YES;
				GCC_WARN_UNUSED_VARIABLE = YES;
				IPHONEOS_DEPLOYMENT_TARGET = 13.0;
				MTL_ENABLE_DEBUG_INFO = YES;
				ONLY_ACTIVE_ARCH = YES;
				OTHER_CFLAGS = "$(inherited)";
				OTHER_CPLUSPLUSFLAGS = "$(inherited)";
				OTHER_LDFLAGS = "$(inherited)";
				REACT_NATIVE_PATH = "${PODS_ROOT}/../../node_modules/react-native";
				SDKROOT = iphoneos;
				TARGETED_DEVICE_FAMILY = "1,2";
				USE_HERMES = true;
			};
			name = Debug;
		};
		83CBBA211A601CBA00E9B192 /* Release */ = {
			isa = XCBuildConfiguration;
			buildSettings = {
				ALWAYS_SEARCH_USER_PATHS = NO;
				CLANG_CXX_LANGUAGE_STANDARD = "c++20";
				CLANG_CXX_LIBRARY = "libc++";
				CLANG_ENABLE_MODULES = YES;
				CLANG_ENABLE_OBJC_ARC = YES;
				CLANG_WARN_BLOCK_CAPTURE_AUTORELEASING = YES;
				CLANG_WARN_BOOL_CONVERSION = YES;
				CLANG_WARN_COMMA = YES;
				CLANG_WARN_CONSTANT_CONVERSION = YES;
				CLANG_WARN_DEPRECATED_OBJC_IMPLEMENTATIONS = YES;
				CLANG_WARN_DIRECT_OBJC_ISA_USAGE = YES_ERROR;
				CLANG_WARN_EMPTY_BODY = YES;
				CLANG_WARN_ENUM_CONVERSION = YES;
				CLANG_WARN_INFINITE_RECURSION = YES;
				CLANG_WARN_INT_CONVERSION = YES;
				CLANG_WARN_NON_LITERAL_NULL_CONVERSION = YES;
				CLANG_WARN_OBJC_IMPLICIT_RETAIN_SELF = YES;
				CLANG_WARN_OBJC_LITERAL_CONVERSION = YES;
				CLANG_WARN_OBJC_ROOT_CLASS = YES_ERROR;
				CLANG_WARN_RANGE_LOOP_ANALYSIS = YES;
				CLANG_WARN_STRICT_PROTOTYPES = YES;
				CLANG_WARN_SUSPICIOUS_MOVE = YES;
				CLANG_WARN_UNREACHABLE_CODE = YES;
				CLANG_WARN__DUPLICATE_METHOD_MATCH = YES;
				"CODE_SIGN_IDENTITY[sdk=iphoneos*]" = "iPhone Developer";
				COPY_PHASE_STRIP = YES;
				DEVELOPMENT_TEAM = 3RYA6A26JC;
				ENABLE_NS_ASSERTIONS = NO;
				ENABLE_STRICT_OBJC_MSGSEND = YES;
				"EXCLUDED_ARCHS[sdk=iphonesimulator*]" = i386;
				GCC_C_LANGUAGE_STANDARD = gnu99;
				GCC_NO_COMMON_BLOCKS = YES;
				GCC_PREPROCESSOR_DEFINITIONS = (
					"$(inherited)",
					_LIBCPP_ENABLE_CXX17_REMOVED_UNARY_BINARY_FUNCTION,
				);
				GCC_WARN_64_TO_32_BIT_CONVERSION = YES;
				GCC_WARN_ABOUT_RETURN_TYPE = YES_ERROR;
				GCC_WARN_UNDECLARED_SELECTOR = YES;
				GCC_WARN_UNINITIALIZED_AUTOS = YES_AGGRESSIVE;
				GCC_WARN_UNUSED_FUNCTION = YES;
				GCC_WARN_UNUSED_VARIABLE = YES;
				IPHONEOS_DEPLOYMENT_TARGET = 13.0;
				MTL_ENABLE_DEBUG_INFO = NO;
				OTHER_CFLAGS = "$(inherited)";
				OTHER_CPLUSPLUSFLAGS = "$(inherited)";
				OTHER_LDFLAGS = "$(inherited)";
				REACT_NATIVE_PATH = "${PODS_ROOT}/../../node_modules/react-native";
				SDKROOT = iphoneos;
				TARGETED_DEVICE_FAMILY = "1,2";
				USE_HERMES = true;
				VALIDATE_PRODUCT = YES;
			};
			name = Release;
		};
/* End XCBuildConfiguration section */

/* Begin XCConfigurationList section */
		13B07F931A680F5B00A75B9A /* Build configuration list for PBXNativeTarget "appe" */ = {
			isa = XCConfigurationList;
			buildConfigurations = (
				13B07F941A680F5B00A75B9A /* Debug */,
				13B07F951A680F5B00A75B9A /* Release */,
			);
			defaultConfigurationIsVisible = 0;
			defaultConfigurationName = Release;
		};
		83CBB9FA1A601CBA00E9B192 /* Build configuration list for PBXProject "appe" */ = {
			isa = XCConfigurationList;
			buildConfigurations = (
				83CBBA201A601CBA00E9B192 /* Debug */,
				83CBBA211A601CBA00E9B192 /* Release */,
			);
			defaultConfigurationIsVisible = 0;
			defaultConfigurationName = Release;
		};
/* End XCConfigurationList section */
	};
	rootObject = 83CBB9F71A601CBA00E9B192 /* Project object */;
}
